
Microsoft Visual Studio Solution File, Format Version 11.00
# Visual Studio 2010
Project("{FAE04EC0-301F-11D3-BF4B-00C04F79EFBC}") = "Microsoft.AspNet.SignalR.Core", "src\Microsoft.AspNet.SignalR.Core\Microsoft.AspNet.SignalR.Core.csproj", "{1B9A82C4-BCA1-4834-A33E-226F17BE070B}"
EndProject
Project("{FAE04EC0-301F-11D3-BF4B-00C04F79EFBC}") = "Microsoft.AspNet.SignalR.Client", "src\Microsoft.AspNet.SignalR.Client\Microsoft.AspNet.SignalR.Client.csproj", "{EB46B9C6-EE37-48F9-835E-E49580E40E0A}"
EndProject
Project("{FAE04EC0-301F-11D3-BF4B-00C04F79EFBC}") = "Microsoft.AspNet.SignalR.Client.JS", "src\Microsoft.AspNet.SignalR.Client.JS\Microsoft.AspNet.SignalR.Client.JS.csproj", "{69771AF9-1BEE-48E6-98BC-78864231E239}"
EndProject
Project("{FAE04EC0-301F-11D3-BF4B-00C04F79EFBC}") = "Microsoft.AspNet.SignalR.Redis", "src\Microsoft.AspNet.SignalR.Redis\Microsoft.AspNet.SignalR.Redis.csproj", "{FD48578F-E825-47EA-A846-9764E01F523A}"
EndProject
Project("{2150E333-8FDC-42A3-9474-1A3956D46DE8}") = "samples", "samples", "{CF382357-4299-466B-97A0-0A582D6806E9}"
EndProject
Project("{FAE04EC0-301F-11D3-BF4B-00C04F79EFBC}") = "Microsoft.AspNet.SelfHost.Samples", "samples\Microsoft.AspNet.SelfHost.Samples\Microsoft.AspNet.SelfHost.Samples.csproj", "{5D69B6BE-062B-408D-913E-5CD2F21D5D17}"
EndProject
Project("{FAE04EC0-301F-11D3-BF4B-00C04F79EFBC}") = "Microsoft.AspNet.SignalR.Client40.Samples", "samples\Microsoft.AspNet.SignalR.Client40.Samples\Microsoft.AspNet.SignalR.Client40.Samples.csproj", "{2B6F3C11-DE35-4948-A49F-A6C65A297C86}"
EndProject
Global
	GlobalSection(SolutionConfigurationPlatforms) = preSolution
		Debug|Any CPU = Debug|Any CPU
		Debug|x86 = Debug|x86
		Release|Any CPU = Release|Any CPU
		Release|x86 = Release|x86
	EndGlobalSection
	GlobalSection(ProjectConfigurationPlatforms) = postSolution
		{1B9A82C4-BCA1-4834-A33E-226F17BE070B}.Debug|Any CPU.ActiveCfg = Debug|Any CPU
		{1B9A82C4-BCA1-4834-A33E-226F17BE070B}.Debug|Any CPU.Build.0 = Debug|Any CPU
		{1B9A82C4-BCA1-4834-A33E-226F17BE070B}.Debug|x86.ActiveCfg = Debug|Any CPU
		{1B9A82C4-BCA1-4834-A33E-226F17BE070B}.Debug|x86.Build.0 = Debug|Any CPU
		{1B9A82C4-BCA1-4834-A33E-226F17BE070B}.Release|Any CPU.ActiveCfg = Release|Any CPU
		{1B9A82C4-BCA1-4834-A33E-226F17BE070B}.Release|Any CPU.Build.0 = Release|Any CPU
		{1B9A82C4-BCA1-4834-A33E-226F17BE070B}.Release|x86.ActiveCfg = Release|Any CPU
		{1B9A82C4-BCA1-4834-A33E-226F17BE070B}.Release|x86.Build.0 = Release|Any CPU
		{2B6F3C11-DE35-4948-A49F-A6C65A297C86}.Debug|Any CPU.ActiveCfg = Debug|Any CPU
		{2B6F3C11-DE35-4948-A49F-A6C65A297C86}.Debug|Any CPU.Build.0 = Debug|Any CPU
		{2B6F3C11-DE35-4948-A49F-A6C65A297C86}.Debug|x86.ActiveCfg = Debug|Any CPU
		{2B6F3C11-DE35-4948-A49F-A6C65A297C86}.Debug|x86.Build.0 = Debug|Any CPU
		{2B6F3C11-DE35-4948-A49F-A6C65A297C86}.Release|Any CPU.ActiveCfg = Release|Any CPU
		{2B6F3C11-DE35-4948-A49F-A6C65A297C86}.Release|Any CPU.Build.0 = Release|Any CPU
		{2B6F3C11-DE35-4948-A49F-A6C65A297C86}.Release|x86.ActiveCfg = Release|Any CPU
		{2B6F3C11-DE35-4948-A49F-A6C65A297C86}.Release|x86.Build.0 = Release|Any CPU
		{5D69B6BE-062B-408D-913E-5CD2F21D5D17}.Debug|Any CPU.ActiveCfg = Debug|Any CPU
		{5D69B6BE-062B-408D-913E-5CD2F21D5D17}.Debug|Any CPU.Build.0 = Debug|Any CPU
		{5D69B6BE-062B-408D-913E-5CD2F21D5D17}.Debug|x86.ActiveCfg = Debug|Any CPU
		{5D69B6BE-062B-408D-913E-5CD2F21D5D17}.Debug|x86.Build.0 = Debug|Any CPU
		{5D69B6BE-062B-408D-913E-5CD2F21D5D17}.Release|Any CPU.ActiveCfg = Release|Any CPU
		{5D69B6BE-062B-408D-913E-5CD2F21D5D17}.Release|Any CPU.Build.0 = Release|Any CPU
		{5D69B6BE-062B-408D-913E-5CD2F21D5D17}.Release|x86.ActiveCfg = Release|Any CPU
		{5D69B6BE-062B-408D-913E-5CD2F21D5D17}.Release|x86.Build.0 = Release|Any CPU
		{69771AF9-1BEE-48E6-98BC-78864231E239}.Debug|Any CPU.ActiveCfg = Debug|Any CPU
		{69771AF9-1BEE-48E6-98BC-78864231E239}.Debug|Any CPU.Build.0 = Debug|Any CPU
		{69771AF9-1BEE-48E6-98BC-78864231E239}.Debug|x86.ActiveCfg = Debug|Any CPU
		{69771AF9-1BEE-48E6-98BC-78864231E239}.Debug|x86.Build.0 = Debug|Any CPU
		{69771AF9-1BEE-48E6-98BC-78864231E239}.Release|Any CPU.ActiveCfg = Release|Any CPU
		{69771AF9-1BEE-48E6-98BC-78864231E239}.Release|Any CPU.Build.0 = Release|Any CPU
		{69771AF9-1BEE-48E6-98BC-78864231E239}.Release|x86.ActiveCfg = Release|Any CPU
		{69771AF9-1BEE-48E6-98BC-78864231E239}.Release|x86.Build.0 = Release|Any CPU
		{EB46B9C6-EE37-48F9-835E-E49580E40E0A}.Debug|Any CPU.ActiveCfg = Debug|Any CPU
		{EB46B9C6-EE37-48F9-835E-E49580E40E0A}.Debug|Any CPU.Build.0 = Debug|Any CPU
		{EB46B9C6-EE37-48F9-835E-E49580E40E0A}.Debug|x86.ActiveCfg = Debug|Any CPU
		{EB46B9C6-EE37-48F9-835E-E49580E40E0A}.Debug|x86.Build.0 = Debug|Any CPU
		{EB46B9C6-EE37-48F9-835E-E49580E40E0A}.Release|Any CPU.ActiveCfg = Release|Any CPU
		{EB46B9C6-EE37-48F9-835E-E49580E40E0A}.Release|Any CPU.Build.0 = Release|Any CPU
		{EB46B9C6-EE37-48F9-835E-E49580E40E0A}.Release|x86.ActiveCfg = Release|Any CPU
		{EB46B9C6-EE37-48F9-835E-E49580E40E0A}.Release|x86.Build.0 = Release|Any CPU
		{FD48578F-E825-47EA-A846-9764E01F523A}.Debug|Any CPU.ActiveCfg = Debug|Any CPU
		{FD48578F-E825-47EA-A846-9764E01F523A}.Debug|Any CPU.Build.0 = Debug|Any CPU
		{FD48578F-E825-47EA-A846-9764E01F523A}.Debug|x86.ActiveCfg = Debug|Any CPU
		{FD48578F-E825-47EA-A846-9764E01F523A}.Debug|x86.Build.0 = Debug|Any CPU
		{FD48578F-E825-47EA-A846-9764E01F523A}.Release|Any CPU.ActiveCfg = Release|Any CPU
		{FD48578F-E825-47EA-A846-9764E01F523A}.Release|Any CPU.Build.0 = Release|Any CPU
		{FD48578F-E825-47EA-A846-9764E01F523A}.Release|x86.ActiveCfg = Release|Any CPU
		{FD48578F-E825-47EA-A846-9764E01F523A}.Release|x86.Build.0 = Release|Any CPU
	EndGlobalSection
	GlobalSection(NestedProjects) = preSolution
		{5D69B6BE-062B-408D-913E-5CD2F21D5D17} = {CF382357-4299-466B-97A0-0A582D6806E9}
		{2B6F3C11-DE35-4948-A49F-A6C65A297C86} = {CF382357-4299-466B-97A0-0A582D6806E9}
	EndGlobalSection
	GlobalSection(MonoDevelopProperties) = preSolution
		StartupItem = src\Microsoft.AspNet.SignalR.Core\Microsoft.AspNet.SignalR.Core.csproj
		Policies = $0
		$0.DotNetNamingPolicy = $1
		$1.DirectoryNamespaceAssociation = None
		$1.ResourceNamePolicy = FileFormatDefault
		$0.TextStylePolicy = $2
		$2.FileWidth = 120
		$2.TabsToSpaces = False
		$2.inheritsSet = VisualStudio
		$2.inheritsScope = text/plain
		$0.TextStylePolicy = $3
		$3.FileWidth = 120
		$3.EolMarker = Windows
		$3.inheritsSet = VisualStudio
		$3.inheritsScope = text/plain
		$3.scope = text/plain
	EndGlobalSection
	GlobalSection(SolutionProperties) = preSolution
		HideSolutionNode = FALSE
	EndGlobalSection
EndGlobal
