
Microsoft Visual Studio Solution File, Format Version 11.00
# Visual Studio 2010
Project("{FAE04EC0-301F-11D3-BF4B-00C04F79EFBC}") = "Microsoft.AspNet.SignalR.Client.Android", "src\Microsoft.AspNet.SignalR.Client.Android\Microsoft.AspNet.SignalR.Client.Android.csproj", "{677A3843-1774-48D8-B00C-01F1151AF2BC}"
EndProject
Project("{FAE04EC0-301F-11D3-BF4B-00C04F79EFBC}") = "Microsoft.AspNet.SignalR.Client.iOS", "src\Microsoft.AspNet.SignalR.Client.iOS\Microsoft.AspNet.SignalR.Client.iOS.csproj", "{44FABCC9-52E0-43AD-ABA9-C1FA909941E0}"
EndProject
Project("{FAE04EC0-301F-11D3-BF4B-00C04F79EFBC}") = "Microsoft.AspNet.SignalR.Client.iOS.Sample", "samples\Microsoft.AspNet.SignalR.Client.iOS.Sample\Microsoft.AspNet.SignalR.Client.iOS.Sample.csproj", "{9D3A25FA-F37A-419C-BAE7-1D38FF4FBF00}"
EndProject
Project("{FAE04EC0-301F-11D3-BF4B-00C04F79EFBC}") = "Microsoft.AspNet.SignalR.Client.Android.Sample", "samples\Microsoft.AspNet.SignalR.Client.Android.Sample\Microsoft.AspNet.SignalR.Client.Android.Sample.csproj", "{B417038B-DA50-4F8A-841F-8843D91CBEDD}"
EndProject
Global
	GlobalSection(SolutionConfigurationPlatforms) = preSolution
		Debug|Any CPU = Debug|Any CPU
		Release|Any CPU = Release|Any CPU
		Debug|iPhoneSimulator = Debug|iPhoneSimulator
		Release|iPhoneSimulator = Release|iPhoneSimulator
		Debug|iPhone = Debug|iPhone
		Release|iPhone = Release|iPhone
		Ad-Hoc|iPhone = Ad-Hoc|iPhone
		AppStore|iPhone = AppStore|iPhone
		Ad-Hoc|iPhoneSimulator = Ad-Hoc|iPhoneSimulator
		AppStore|iPhoneSimulator = AppStore|iPhoneSimulator
	EndGlobalSection
	GlobalSection(ProjectConfigurationPlatforms) = postSolution
		{44FABCC9-52E0-43AD-ABA9-C1FA909941E0}.Ad-Hoc|iPhone.ActiveCfg = Ad-Hoc|iPhone
		{44FABCC9-52E0-43AD-ABA9-C1FA909941E0}.Ad-Hoc|iPhone.Build.0 = Ad-Hoc|iPhone
		{44FABCC9-52E0-43AD-ABA9-C1FA909941E0}.Ad-Hoc|iPhoneSimulator.ActiveCfg = Ad-Hoc|iPhoneSimulator
		{44FABCC9-52E0-43AD-ABA9-C1FA909941E0}.Ad-Hoc|iPhoneSimulator.Build.0 = Ad-Hoc|iPhoneSimulator
		{44FABCC9-52E0-43AD-ABA9-C1FA909941E0}.AppStore|iPhone.ActiveCfg = AppStore|iPhone
		{44FABCC9-52E0-43AD-ABA9-C1FA909941E0}.AppStore|iPhone.Build.0 = AppStore|iPhone
		{44FABCC9-52E0-43AD-ABA9-C1FA909941E0}.AppStore|iPhoneSimulator.ActiveCfg = AppStore|iPhoneSimulator
		{44FABCC9-52E0-43AD-ABA9-C1FA909941E0}.AppStore|iPhoneSimulator.Build.0 = AppStore|iPhoneSimulator
		{44FABCC9-52E0-43AD-ABA9-C1FA909941E0}.Debug|Any CPU.ActiveCfg = Debug|iPhoneSimulator
		{44FABCC9-52E0-43AD-ABA9-C1FA909941E0}.Debug|Any CPU.Build.0 = Debug|iPhoneSimulator
		{44FABCC9-52E0-43AD-ABA9-C1FA909941E0}.Debug|iPhone.ActiveCfg = Debug|iPhone
		{44FABCC9-52E0-43AD-ABA9-C1FA909941E0}.Debug|iPhone.Build.0 = Debug|iPhone
		{44FABCC9-52E0-43AD-ABA9-C1FA909941E0}.Debug|iPhoneSimulator.ActiveCfg = Debug|iPhoneSimulator
		{44FABCC9-52E0-43AD-ABA9-C1FA909941E0}.Debug|iPhoneSimulator.Build.0 = Debug|iPhoneSimulator
		{44FABCC9-52E0-43AD-ABA9-C1FA909941E0}.Release|Any CPU.ActiveCfg = Release|iPhoneSimulator
		{44FABCC9-52E0-43AD-ABA9-C1FA909941E0}.Release|Any CPU.Build.0 = Release|iPhoneSimulator
		{44FABCC9-52E0-43AD-ABA9-C1FA909941E0}.Release|iPhone.ActiveCfg = Release|iPhone
		{44FABCC9-52E0-43AD-ABA9-C1FA909941E0}.Release|iPhone.Build.0 = Release|iPhone
		{44FABCC9-52E0-43AD-ABA9-C1FA909941E0}.Release|iPhoneSimulator.ActiveCfg = Release|iPhoneSimulator
		{44FABCC9-52E0-43AD-ABA9-C1FA909941E0}.Release|iPhoneSimulator.Build.0 = Release|iPhoneSimulator
		{677A3843-1774-48D8-B00C-01F1151AF2BC}.Ad-Hoc|iPhone.ActiveCfg = Debug|Any CPU
		{677A3843-1774-48D8-B00C-01F1151AF2BC}.Ad-Hoc|iPhone.Build.0 = Debug|Any CPU
		{677A3843-1774-48D8-B00C-01F1151AF2BC}.Ad-Hoc|iPhoneSimulator.ActiveCfg = Debug|Any CPU
		{677A3843-1774-48D8-B00C-01F1151AF2BC}.Ad-Hoc|iPhoneSimulator.Build.0 = Debug|Any CPU
		{677A3843-1774-48D8-B00C-01F1151AF2BC}.AppStore|iPhone.ActiveCfg = Debug|Any CPU
		{677A3843-1774-48D8-B00C-01F1151AF2BC}.AppStore|iPhone.Build.0 = Debug|Any CPU
		{677A3843-1774-48D8-B00C-01F1151AF2BC}.AppStore|iPhoneSimulator.ActiveCfg = Debug|Any CPU
		{677A3843-1774-48D8-B00C-01F1151AF2BC}.AppStore|iPhoneSimulator.Build.0 = Debug|Any CPU
		{677A3843-1774-48D8-B00C-01F1151AF2BC}.Debug|Any CPU.ActiveCfg = Debug|Any CPU
		{677A3843-1774-48D8-B00C-01F1151AF2BC}.Debug|Any CPU.Build.0 = Debug|Any CPU
		{677A3843-1774-48D8-B00C-01F1151AF2BC}.Debug|iPhone.ActiveCfg = Debug|Any CPU
		{677A3843-1774-48D8-B00C-01F1151AF2BC}.Debug|iPhone.Build.0 = Debug|Any CPU
		{677A3843-1774-48D8-B00C-01F1151AF2BC}.Debug|iPhoneSimulator.ActiveCfg = Debug|Any CPU
		{677A3843-1774-48D8-B00C-01F1151AF2BC}.Debug|iPhoneSimulator.Build.0 = Debug|Any CPU
		{677A3843-1774-48D8-B00C-01F1151AF2BC}.Release|Any CPU.ActiveCfg = Release|Any CPU
		{677A3843-1774-48D8-B00C-01F1151AF2BC}.Release|Any CPU.Build.0 = Release|Any CPU
		{677A3843-1774-48D8-B00C-01F1151AF2BC}.Release|iPhone.ActiveCfg = Release|Any CPU
		{677A3843-1774-48D8-B00C-01F1151AF2BC}.Release|iPhone.Build.0 = Release|Any CPU
		{677A3843-1774-48D8-B00C-01F1151AF2BC}.Release|iPhoneSimulator.ActiveCfg = Release|Any CPU
		{677A3843-1774-48D8-B00C-01F1151AF2BC}.Release|iPhoneSimulator.Build.0 = Release|Any CPU
		{9D3A25FA-F37A-419C-BAE7-1D38FF4FBF00}.Ad-Hoc|iPhone.ActiveCfg = Ad-Hoc|iPhone
		{9D3A25FA-F37A-419C-BAE7-1D38FF4FBF00}.Ad-Hoc|iPhone.Build.0 = Ad-Hoc|iPhone
		{9D3A25FA-F37A-419C-BAE7-1D38FF4FBF00}.Ad-Hoc|iPhoneSimulator.ActiveCfg = Debug|iPhoneSimulator
		{9D3A25FA-F37A-419C-BAE7-1D38FF4FBF00}.Ad-Hoc|iPhoneSimulator.Build.0 = Debug|iPhoneSimulator
		{9D3A25FA-F37A-419C-BAE7-1D38FF4FBF00}.AppStore|iPhone.ActiveCfg = AppStore|iPhone
		{9D3A25FA-F37A-419C-BAE7-1D38FF4FBF00}.AppStore|iPhone.Build.0 = AppStore|iPhone
		{9D3A25FA-F37A-419C-BAE7-1D38FF4FBF00}.AppStore|iPhoneSimulator.ActiveCfg = Debug|iPhoneSimulator
		{9D3A25FA-F37A-419C-BAE7-1D38FF4FBF00}.AppStore|iPhoneSimulator.Build.0 = Debug|iPhoneSimulator
		{9D3A25FA-F37A-419C-BAE7-1D38FF4FBF00}.Debug|Any CPU.ActiveCfg = Debug|iPhoneSimulator
		{9D3A25FA-F37A-419C-BAE7-1D38FF4FBF00}.Debug|Any CPU.Build.0 = Debug|iPhoneSimulator
		{9D3A25FA-F37A-419C-BAE7-1D38FF4FBF00}.Debug|iPhone.ActiveCfg = Debug|iPhone
		{9D3A25FA-F37A-419C-BAE7-1D38FF4FBF00}.Debug|iPhone.Build.0 = Debug|iPhone
		{9D3A25FA-F37A-419C-BAE7-1D38FF4FBF00}.Debug|iPhoneSimulator.ActiveCfg = Debug|iPhoneSimulator
		{9D3A25FA-F37A-419C-BAE7-1D38FF4FBF00}.Debug|iPhoneSimulator.Build.0 = Debug|iPhoneSimulator
		{9D3A25FA-F37A-419C-BAE7-1D38FF4FBF00}.Release|Any CPU.ActiveCfg = Release|iPhoneSimulator
		{9D3A25FA-F37A-419C-BAE7-1D38FF4FBF00}.Release|Any CPU.Build.0 = Release|iPhoneSimulator
		{9D3A25FA-F37A-419C-BAE7-1D38FF4FBF00}.Release|iPhone.ActiveCfg = Release|iPhone
		{9D3A25FA-F37A-419C-BAE7-1D38FF4FBF00}.Release|iPhone.Build.0 = Release|iPhone
		{9D3A25FA-F37A-419C-BAE7-1D38FF4FBF00}.Release|iPhoneSimulator.ActiveCfg = Release|iPhoneSimulator
		{9D3A25FA-F37A-419C-BAE7-1D38FF4FBF00}.Release|iPhoneSimulator.Build.0 = Release|iPhoneSimulator
		{B417038B-DA50-4F8A-841F-8843D91CBEDD}.Ad-Hoc|iPhone.ActiveCfg = Release|Any CPU
		{B417038B-DA50-4F8A-841F-8843D91CBEDD}.Ad-Hoc|iPhone.Build.0 = Release|Any CPU
		{B417038B-DA50-4F8A-841F-8843D91CBEDD}.Ad-Hoc|iPhoneSimulator.ActiveCfg = Debug|Any CPU
		{B417038B-DA50-4F8A-841F-8843D91CBEDD}.Ad-Hoc|iPhoneSimulator.Build.0 = Debug|Any CPU
		{B417038B-DA50-4F8A-841F-8843D91CBEDD}.AppStore|iPhone.ActiveCfg = Release|Any CPU
		{B417038B-DA50-4F8A-841F-8843D91CBEDD}.AppStore|iPhone.Build.0 = Release|Any CPU
		{B417038B-DA50-4F8A-841F-8843D91CBEDD}.AppStore|iPhoneSimulator.ActiveCfg = Debug|Any CPU
		{B417038B-DA50-4F8A-841F-8843D91CBEDD}.AppStore|iPhoneSimulator.Build.0 = Debug|Any CPU
		{B417038B-DA50-4F8A-841F-8843D91CBEDD}.Debug|Any CPU.ActiveCfg = Debug|Any CPU
		{B417038B-DA50-4F8A-841F-8843D91CBEDD}.Debug|Any CPU.Build.0 = Debug|Any CPU
		{B417038B-DA50-4F8A-841F-8843D91CBEDD}.Debug|iPhone.ActiveCfg = Debug|Any CPU
		{B417038B-DA50-4F8A-841F-8843D91CBEDD}.Debug|iPhone.Build.0 = Debug|Any CPU
		{B417038B-DA50-4F8A-841F-8843D91CBEDD}.Debug|iPhoneSimulator.ActiveCfg = Debug|Any CPU
		{B417038B-DA50-4F8A-841F-8843D91CBEDD}.Debug|iPhoneSimulator.Build.0 = Debug|Any CPU
		{B417038B-DA50-4F8A-841F-8843D91CBEDD}.Release|Any CPU.ActiveCfg = Release|Any CPU
		{B417038B-DA50-4F8A-841F-8843D91CBEDD}.Release|Any CPU.Build.0 = Release|Any CPU
		{B417038B-DA50-4F8A-841F-8843D91CBEDD}.Release|iPhone.ActiveCfg = Release|Any CPU
		{B417038B-DA50-4F8A-841F-8843D91CBEDD}.Release|iPhone.Build.0 = Release|Any CPU
		{B417038B-DA50-4F8A-841F-8843D91CBEDD}.Release|iPhoneSimulator.ActiveCfg = Release|Any CPU
		{B417038B-DA50-4F8A-841F-8843D91CBEDD}.Release|iPhoneSimulator.Build.0 = Release|Any CPU
	EndGlobalSection
	GlobalSection(MonoDevelopProperties) = preSolution
		StartupItem = samples\Microsoft.AspNet.SignalR.Client.Android.Sample\Microsoft.AspNet.SignalR.Client.Android.Sample.csproj
		Policies = $0
		$0.TextStylePolicy = $1
		$1.inheritsSet = VisualStudio
		$1.inheritsScope = text/plain
		$1.scope = text/plain
		$0.TextStylePolicy = $2
		$2.inheritsSet = VisualStudio
		$2.inheritsScope = text/plain
		$2.scope = text/x-csharp
		$0.CSharpFormattingPolicy = $3
		$3.IndentSwitchBody = True
		$3.AnonymousMethodBraceStyle = NextLine
		$3.PropertyBraceStyle = NextLine
		$3.PropertyGetBraceStyle = NextLine
		$3.PropertySetBraceStyle = NextLine
		$3.EventBraceStyle = NextLine
		$3.EventAddBraceStyle = NextLine
		$3.EventRemoveBraceStyle = NextLine
		$3.StatementBraceStyle = NextLine
		$3.ArrayInitializerBraceStyle = NextLine
		$3.BeforeMethodDeclarationParentheses = False
		$3.BeforeMethodCallParentheses = False
		$3.BeforeConstructorDeclarationParentheses = False
		$3.BeforeDelegateDeclarationParentheses = False
		$3.NewParentheses = False
		$3.SpacesBeforeBrackets = False
		$3.inheritsSet = Mono
		$3.inheritsScope = text/x-csharp
		$3.scope = text/x-csharp
		$0.TextStylePolicy = $4
		$4.FileWidth = 120
		$4.inheritsSet = VisualStudio
		$4.inheritsScope = text/plain
		$4.scope = application/xml
		$0.XmlFormattingPolicy = $5
		$5.inheritsSet = Mono
		$5.inheritsScope = application/xml
		$5.scope = application/xml
	EndGlobalSection
EndGlobal
