
Microsoft Visual Studio Solution File, Format Version 12.00
# Visual Studio 2012
Project("{2150E333-8FDC-42A3-9474-1A3956D46DE8}") = "Build", "Build", "{1E4BA77C-4977-40AA-B297-3A2CB9990ABF}"
	ProjectSection(SolutionItems) = preProject
		Build\Build.proj = Build\Build.proj
		ReleaseNotes.md = ReleaseNotes.md
	EndProjectSection
EndProject
Project("{FAE04EC0-301F-11D3-BF4B-00C04F79EFBC}") = "Microsoft.AspNet.SignalR.Client.WP71", "src\Microsoft.AspNet.SignalR.Client.WP71\Microsoft.AspNet.SignalR.Client.WP71.csproj", "{1B2BD09D-ECFF-427F-BA58-C59A01EE6A2C}"
EndProject
Project("{FAE04EC0-301F-11D3-BF4B-00C04F79EFBC}") = "Microsoft.AspNet.SignalR.Client.WP7.Sample", "samples\Microsoft.AspNet.SignalR.Client.WP7.Sample\Microsoft.AspNet.SignalR.Client.WP7.Sample.csproj", "{E059F6F3-E9D5-4113-AF2B-C2D19CE7FAFF}"
EndProject
Project("{FAE04EC0-301F-11D3-BF4B-00C04F79EFBC}") = "Microsoft.AspNet.SignalR.Client.WP8", "src\Microsoft.AspNet.SignalR.Client.WP8\Microsoft.AspNet.SignalR.Client.WP8.csproj", "{12D04172-2A5A-420D-A29B-026DB62C3B72}"
EndProject
Project("{FAE04EC0-301F-11D3-BF4B-00C04F79EFBC}") = "Microsoft.AspNet.SignalR.Client.WP8.Sample", "samples\Microsoft.AspNet.SignalR.Client.WP8.Sample\Microsoft.AspNet.SignalR.Client.WP8.Sample.csproj", "{2117F295-6451-4447-A646-614B2D8352EF}"
EndProject
Global
	GlobalSection(SolutionConfigurationPlatforms) = preSolution
		Debug|Any CPU = Debug|Any CPU
		Debug|ARM = Debug|ARM
		Debug|Mixed Platforms = Debug|Mixed Platforms
		Debug|x86 = Debug|x86
		Release|Any CPU = Release|Any CPU
		Release|ARM = Release|ARM
		Release|Mixed Platforms = Release|Mixed Platforms
		Release|x86 = Release|x86
	EndGlobalSection
	GlobalSection(ProjectConfigurationPlatforms) = postSolution
		{1B2BD09D-ECFF-427F-BA58-C59A01EE6A2C}.Debug|Any CPU.ActiveCfg = Debug|Any CPU
		{1B2BD09D-ECFF-427F-BA58-C59A01EE6A2C}.Debug|Any CPU.Build.0 = Debug|Any CPU
		{1B2BD09D-ECFF-427F-BA58-C59A01EE6A2C}.Debug|ARM.ActiveCfg = Debug|Any CPU
		{1B2BD09D-ECFF-427F-BA58-C59A01EE6A2C}.Debug|Mixed Platforms.ActiveCfg = Debug|Any CPU
		{1B2BD09D-ECFF-427F-BA58-C59A01EE6A2C}.Debug|Mixed Platforms.Build.0 = Debug|Any CPU
		{1B2BD09D-ECFF-427F-BA58-C59A01EE6A2C}.Debug|x86.ActiveCfg = Debug|Any CPU
		{1B2BD09D-ECFF-427F-BA58-C59A01EE6A2C}.Release|Any CPU.ActiveCfg = Release|Any CPU
		{1B2BD09D-ECFF-427F-BA58-C59A01EE6A2C}.Release|Any CPU.Build.0 = Release|Any CPU
		{1B2BD09D-ECFF-427F-BA58-C59A01EE6A2C}.Release|ARM.ActiveCfg = Release|Any CPU
		{1B2BD09D-ECFF-427F-BA58-C59A01EE6A2C}.Release|Mixed Platforms.ActiveCfg = Release|Any CPU
		{1B2BD09D-ECFF-427F-BA58-C59A01EE6A2C}.Release|Mixed Platforms.Build.0 = Release|Any CPU
		{1B2BD09D-ECFF-427F-BA58-C59A01EE6A2C}.Release|x86.ActiveCfg = Release|Any CPU
		{E059F6F3-E9D5-4113-AF2B-C2D19CE7FAFF}.Debug|Any CPU.ActiveCfg = Debug|Any CPU
		{E059F6F3-E9D5-4113-AF2B-C2D19CE7FAFF}.Debug|Any CPU.Build.0 = Debug|Any CPU
		{E059F6F3-E9D5-4113-AF2B-C2D19CE7FAFF}.Debug|Any CPU.Deploy.0 = Debug|Any CPU
		{E059F6F3-E9D5-4113-AF2B-C2D19CE7FAFF}.Debug|ARM.ActiveCfg = Debug|Any CPU
		{E059F6F3-E9D5-4113-AF2B-C2D19CE7FAFF}.Debug|Mixed Platforms.ActiveCfg = Debug|Any CPU
		{E059F6F3-E9D5-4113-AF2B-C2D19CE7FAFF}.Debug|Mixed Platforms.Build.0 = Debug|Any CPU
		{E059F6F3-E9D5-4113-AF2B-C2D19CE7FAFF}.Debug|Mixed Platforms.Deploy.0 = Debug|Any CPU
		{E059F6F3-E9D5-4113-AF2B-C2D19CE7FAFF}.Debug|x86.ActiveCfg = Debug|Any CPU
		{E059F6F3-E9D5-4113-AF2B-C2D19CE7FAFF}.Release|Any CPU.ActiveCfg = Release|Any CPU
		{E059F6F3-E9D5-4113-AF2B-C2D19CE7FAFF}.Release|Any CPU.Build.0 = Release|Any CPU
		{E059F6F3-E9D5-4113-AF2B-C2D19CE7FAFF}.Release|Any CPU.Deploy.0 = Release|Any CPU
		{E059F6F3-E9D5-4113-AF2B-C2D19CE7FAFF}.Release|ARM.ActiveCfg = Release|Any CPU
		{E059F6F3-E9D5-4113-AF2B-C2D19CE7FAFF}.Release|Mixed Platforms.ActiveCfg = Release|Any CPU
		{E059F6F3-E9D5-4113-AF2B-C2D19CE7FAFF}.Release|Mixed Platforms.Build.0 = Release|Any CPU
		{E059F6F3-E9D5-4113-AF2B-C2D19CE7FAFF}.Release|Mixed Platforms.Deploy.0 = Release|Any CPU
		{E059F6F3-E9D5-4113-AF2B-C2D19CE7FAFF}.Release|x86.ActiveCfg = Release|Any CPU
		{12D04172-2A5A-420D-A29B-026DB62C3B72}.Debug|Any CPU.ActiveCfg = Debug|Any CPU
		{12D04172-2A5A-420D-A29B-026DB62C3B72}.Debug|Any CPU.Build.0 = Debug|Any CPU
		{12D04172-2A5A-420D-A29B-026DB62C3B72}.Debug|ARM.ActiveCfg = Debug|ARM
		{12D04172-2A5A-420D-A29B-026DB62C3B72}.Debug|ARM.Build.0 = Debug|ARM
		{12D04172-2A5A-420D-A29B-026DB62C3B72}.Debug|Mixed Platforms.ActiveCfg = Debug|x86
		{12D04172-2A5A-420D-A29B-026DB62C3B72}.Debug|Mixed Platforms.Build.0 = Debug|x86
		{12D04172-2A5A-420D-A29B-026DB62C3B72}.Debug|x86.ActiveCfg = Debug|x86
		{12D04172-2A5A-420D-A29B-026DB62C3B72}.Debug|x86.Build.0 = Debug|x86
		{12D04172-2A5A-420D-A29B-026DB62C3B72}.Release|Any CPU.ActiveCfg = Release|Any CPU
		{12D04172-2A5A-420D-A29B-026DB62C3B72}.Release|Any CPU.Build.0 = Release|Any CPU
		{12D04172-2A5A-420D-A29B-026DB62C3B72}.Release|ARM.ActiveCfg = Release|ARM
		{12D04172-2A5A-420D-A29B-026DB62C3B72}.Release|ARM.Build.0 = Release|ARM
		{12D04172-2A5A-420D-A29B-026DB62C3B72}.Release|Mixed Platforms.ActiveCfg = Release|x86
		{12D04172-2A5A-420D-A29B-026DB62C3B72}.Release|Mixed Platforms.Build.0 = Release|x86
		{12D04172-2A5A-420D-A29B-026DB62C3B72}.Release|x86.ActiveCfg = Release|x86
		{12D04172-2A5A-420D-A29B-026DB62C3B72}.Release|x86.Build.0 = Release|x86
		{2117F295-6451-4447-A646-614B2D8352EF}.Debug|Any CPU.ActiveCfg = Debug|Any CPU
		{2117F295-6451-4447-A646-614B2D8352EF}.Debug|Any CPU.Build.0 = Debug|Any CPU
		{2117F295-6451-4447-A646-614B2D8352EF}.Debug|Any CPU.Deploy.0 = Debug|Any CPU
		{2117F295-6451-4447-A646-614B2D8352EF}.Debug|ARM.ActiveCfg = Debug|ARM
		{2117F295-6451-4447-A646-614B2D8352EF}.Debug|ARM.Build.0 = Debug|ARM
		{2117F295-6451-4447-A646-614B2D8352EF}.Debug|ARM.Deploy.0 = Debug|ARM
		{2117F295-6451-4447-A646-614B2D8352EF}.Debug|Mixed Platforms.ActiveCfg = Debug|x86
		{2117F295-6451-4447-A646-614B2D8352EF}.Debug|Mixed Platforms.Build.0 = Debug|x86
		{2117F295-6451-4447-A646-614B2D8352EF}.Debug|Mixed Platforms.Deploy.0 = Debug|x86
		{2117F295-6451-4447-A646-614B2D8352EF}.Debug|x86.ActiveCfg = Debug|x86
		{2117F295-6451-4447-A646-614B2D8352EF}.Debug|x86.Build.0 = Debug|x86
		{2117F295-6451-4447-A646-614B2D8352EF}.Debug|x86.Deploy.0 = Debug|x86
		{2117F295-6451-4447-A646-614B2D8352EF}.Release|Any CPU.ActiveCfg = Release|Any CPU
		{2117F295-6451-4447-A646-614B2D8352EF}.Release|Any CPU.Build.0 = Release|Any CPU
		{2117F295-6451-4447-A646-614B2D8352EF}.Release|Any CPU.Deploy.0 = Release|Any CPU
		{2117F295-6451-4447-A646-614B2D8352EF}.Release|ARM.ActiveCfg = Release|ARM
		{2117F295-6451-4447-A646-614B2D8352EF}.Release|ARM.Build.0 = Release|ARM
		{2117F295-6451-4447-A646-614B2D8352EF}.Release|ARM.Deploy.0 = Release|ARM
		{2117F295-6451-4447-A646-614B2D8352EF}.Release|Mixed Platforms.ActiveCfg = Release|x86
		{2117F295-6451-4447-A646-614B2D8352EF}.Release|Mixed Platforms.Build.0 = Release|x86
		{2117F295-6451-4447-A646-614B2D8352EF}.Release|Mixed Platforms.Deploy.0 = Release|x86
		{2117F295-6451-4447-A646-614B2D8352EF}.Release|x86.ActiveCfg = Release|x86
		{2117F295-6451-4447-A646-614B2D8352EF}.Release|x86.Build.0 = Release|x86
		{2117F295-6451-4447-A646-614B2D8352EF}.Release|x86.Deploy.0 = Release|x86
	EndGlobalSection
	GlobalSection(SolutionProperties) = preSolution
		HideSolutionNode = FALSE
	EndGlobalSection
EndGlobal
