
Microsoft Visual Studio Solution File, Format Version 12.00
# Visual Studio 2012
Project("{FAE04EC0-301F-11D3-BF4B-00C04F79EFBC}") = "Microsoft.AspNet.SignalR.Core", "src\Microsoft.AspNet.SignalR.Core\Microsoft.AspNet.SignalR.Core.csproj", "{1B9A82C4-BCA1-4834-A33E-226F17BE070B}"
EndProject
Project("{FAE04EC0-301F-11D3-BF4B-00C04F79EFBC}") = "Microsoft.AspNet.SignalR.Client", "src\Microsoft.AspNet.SignalR.Client\Microsoft.AspNet.SignalR.Client.csproj", "{EB46B9C6-EE37-48F9-835E-E49580E40E0A}"
EndProject
Project("{2150E333-8FDC-42A3-9474-1A3956D46DE8}") = "build", "build", "{1E4BA77C-4977-40AA-B297-3A2CB9990ABF}"
	ProjectSection(SolutionItems) = preProject
		Build\Build.proj = Build\Build.proj
		build\Build.tasks = build\Build.tasks
		src\Common\CodeAnalysisDictionary.xml = src\Common\CodeAnalysisDictionary.xml
		src\Common\GlobalSuppressions.cs = src\Common\GlobalSuppressions.cs
		src\Common\Microsoft.AspNet.SignalR.ruleset = src\Common\Microsoft.AspNet.SignalR.ruleset
		src\Common\Microsoft.AspNet.SignalR.targets = src\Common\Microsoft.AspNet.SignalR.targets
		Build\Microsoft.AspNet.SignalR.versions.targets = Build\Microsoft.AspNet.SignalR.versions.targets
		ReleaseNotes.md = ReleaseNotes.md
	EndProjectSection
EndProject
Project("{FAE04EC0-301F-11D3-BF4B-00C04F79EFBC}") = "Microsoft.AspNet.SignalR.Tests", "tests\Microsoft.AspNet.SignalR.Tests\Microsoft.AspNet.SignalR.Tests.csproj", "{FBA09237-84CC-4383-BD12-CDF58E4020E8}"
EndProject
Project("{FAE04EC0-301F-11D3-BF4B-00C04F79EFBC}") = "Microsoft.AspNet.SignalR.Stress", "src\Microsoft.AspNet.SignalR.Stress\Microsoft.AspNet.SignalR.Stress.csproj", "{758D93C8-7985-4F55-82DA-8BA5198CF4EF}"
EndProject
Project("{2150E333-8FDC-42A3-9474-1A3956D46DE8}") = "tests", "tests", "{505538C3-B34D-4B43-BDE6-C6E974AB03A6}"
EndProject
Project("{FAE04EC0-301F-11D3-BF4B-00C04F79EFBC}") = "Microsoft.AspNet.SignalR.Hosting.Memory", "src\Microsoft.AspNet.SignalR.Hosting.Memory\Microsoft.AspNet.SignalR.Hosting.Memory.csproj", "{055F2118-FE29-4219-A28A-3D6F0889652E}"
EndProject
Project("{2150E333-8FDC-42A3-9474-1A3956D46DE8}") = "samples", "samples", "{7E3D992A-8F37-4C5D-AD42-E052522816C5}"
EndProject
Project("{FAE04EC0-301F-11D3-BF4B-00C04F79EFBC}") = "Microsoft.AspNet.SignalR.Hosting.AspNet.Samples", "samples\Microsoft.AspNet.SignalR.Hosting.AspNet.Samples\Microsoft.AspNet.SignalR.Hosting.AspNet.Samples.csproj", "{1EA34A62-E03E-45CF-A9C9-82D2DA0FCD82}"
	ProjectSection(ProjectDependencies) = postProject
		{990B347D-F5BF-4F94-9967-D98D24ACEA43} = {990B347D-F5BF-4F94-9967-D98D24ACEA43}
		{69771AF9-1BEE-48E6-98BC-78864231E239} = {69771AF9-1BEE-48E6-98BC-78864231E239}
	EndProjectSection
EndProject
Project("{FAE04EC0-301F-11D3-BF4B-00C04F79EFBC}") = "Microsoft.AspNet.SignalR.Client.Samples", "samples\Microsoft.AspNet.SignalR.Client.Samples\Microsoft.AspNet.SignalR.Client.Samples.csproj", "{E0223FDC-0982-4D80-B6C2-BFAA6C6748C5}"
EndProject
Project("{2150E333-8FDC-42A3-9474-1A3956D46DE8}") = ".nuget", ".nuget", "{08B794D9-FF1D-4536-885A-51892934A1F4}"
	ProjectSection(SolutionItems) = preProject
		.nuget\NuGet.exe = .nuget\NuGet.exe
		.nuget\NuGet.targets = .nuget\NuGet.targets
	EndProjectSection
EndProject
Project("{FAE04EC0-301F-11D3-BF4B-00C04F79EFBC}") = "Microsoft.AspNet.SignalR.Client.JS", "src\Microsoft.AspNet.SignalR.Client.JS\Microsoft.AspNet.SignalR.Client.JS.csproj", "{69771AF9-1BEE-48E6-98BC-78864231E239}"
EndProject
Project("{FAE04EC0-301F-11D3-BF4B-00C04F79EFBC}") = "Microsoft.AspNet.SignalR.Client.JS.Tests", "tests\Microsoft.AspNet.SignalR.Client.JS.Tests\Microsoft.AspNet.SignalR.Client.JS.Tests.csproj", "{E965290E-278C-4B4D-8AE4-404976433BC3}"
	ProjectSection(ProjectDependencies) = postProject
		{69771AF9-1BEE-48E6-98BC-78864231E239} = {69771AF9-1BEE-48E6-98BC-78864231E239}
	EndProjectSection
EndProject
Project("{FAE04EC0-301F-11D3-BF4B-00C04F79EFBC}") = "Microsoft.AspNet.SignalR.Redis", "src\Microsoft.AspNet.SignalR.Redis\Microsoft.AspNet.SignalR.Redis.csproj", "{FD48578F-E825-47EA-A846-9764E01F523A}"
EndProject
Project("{FAE04EC0-301F-11D3-BF4B-00C04F79EFBC}") = "Microsoft.AspNet.SignalR.SqlServer", "src\Microsoft.AspNet.SignalR.SqlServer\Microsoft.AspNet.SignalR.SqlServer.csproj", "{EFCF27EC-CB9B-4F3A-91BE-154B8AB5B5E0}"
EndProject
Project("{FAE04EC0-301F-11D3-BF4B-00C04F79EFBC}") = "Microsoft.AspNet.SignalR.ServiceBus", "src\Microsoft.AspNet.SignalR.ServiceBus\Microsoft.AspNet.SignalR.ServiceBus.csproj", "{3DA5E69C-BA4C-4EC1-9FDE-688A1BC34B17}"
EndProject
Project("{FAE04EC0-301F-11D3-BF4B-00C04F79EFBC}") = "Microsoft.AspNet.SignalR.LoadTestHarness", "samples\Microsoft.AspNet.SignalR.LoadTestHarness\Microsoft.AspNet.SignalR.LoadTestHarness.csproj", "{B94E0027-2664-4DAC-BA32-7AA12BFCEE10}"
	ProjectSection(ProjectDependencies) = postProject
		{69771AF9-1BEE-48E6-98BC-78864231E239} = {69771AF9-1BEE-48E6-98BC-78864231E239}
	EndProjectSection
EndProject
Project("{FAE04EC0-301F-11D3-BF4B-00C04F79EFBC}") = "Microsoft.AspNet.SignalR.FunctionalTests", "tests\Microsoft.AspNet.SignalR.FunctionalTests\Microsoft.AspNet.SignalR.FunctionalTests.csproj", "{819038AC-6770-48DB-B9FA-F1245C87C341}"
EndProject
Project("{2150E333-8FDC-42A3-9474-1A3956D46DE8}") = "katana", "katana", "{4DFA135C-CB60-497D-8868-A81AEB84D30B}"
EndProject
Project("{FAE04EC0-301F-11D3-BF4B-00C04F79EFBC}") = "Microsoft.Owin.Host.SystemWeb", "katana\src\Microsoft.Owin.Host.SystemWeb\Microsoft.Owin.Host.SystemWeb.csproj", "{E31826E6-C29A-4F08-BD4F-E17ACA793BBC}"
EndProject
Project("{FAE04EC0-301F-11D3-BF4B-00C04F79EFBC}") = "Microsoft.AspNet.SignalR.Owin", "src\Microsoft.AspNet.SignalR.Owin\Microsoft.AspNet.SignalR.Owin.csproj", "{2B8C6DAD-4D85-41B1-83FD-248D9F347522}"
EndProject
Project("{FAE04EC0-301F-11D3-BF4B-00C04F79EFBC}") = "Microsoft.AspNet.SignalR.SystemWeb", "src\Microsoft.AspNet.SignalR.SystemWeb\Microsoft.AspNet.SignalR.SystemWeb.csproj", "{37C04B69-0989-458A-B80C-A1ED574ADBE4}"
EndProject
Project("{FAE04EC0-301F-11D3-BF4B-00C04F79EFBC}") = "Microsoft.Owin.Host.SystemWeb45", "katana\src\Microsoft.Owin.Host.SystemWeb\Microsoft.Owin.Host.SystemWeb45.csproj", "{9F0C72D8-E43F-4F01-9DEB-9E8FE0AE179E}"
EndProject
Project("{FAE04EC0-301F-11D3-BF4B-00C04F79EFBC}") = "Microsoft.AspNet.SignalR.Owin45", "src\Microsoft.AspNet.SignalR.Owin45\Microsoft.AspNet.SignalR.Owin45.csproj", "{45892477-EF4E-4F45-A431-822755A38EA0}"
EndProject
Project("{FAE04EC0-301F-11D3-BF4B-00C04F79EFBC}") = "Microsoft.AspNet.SignalR.SystemWeb45", "src\Microsoft.AspNet.SignalR.SystemWeb45\Microsoft.AspNet.SignalR.SystemWeb45.csproj", "{202FA02D-CC05-40D2-A574-4BD34E47F575}"
EndProject
Project("{FAE04EC0-301F-11D3-BF4B-00C04F79EFBC}") = "Microsoft.AspNet.SignalR.Client45", "src\Microsoft.AspNet.SignalR.Client45\Microsoft.AspNet.SignalR.Client45.csproj", "{50F8A174-695E-498C-B105-BDBE6B398646}"
EndProject
Project("{FAE04EC0-301F-11D3-BF4B-00C04F79EFBC}") = "Microsoft.Owin.Host.HttpListener", "katana\src\Microsoft.Owin.Host.HttpListener\Microsoft.Owin.Host.HttpListener.csproj", "{452C45C7-57A5-4161-BF7D-C1CD5AD4BB84}"
EndProject
Project("{FAE04EC0-301F-11D3-BF4B-00C04F79EFBC}") = "Microsoft.Owin.Host.HttpListener45", "katana\src\Microsoft.Owin.Host.HttpListener\Microsoft.Owin.Host.HttpListener45.csproj", "{9F0C72D8-E43F-4F01-9DEB-919191911919}"
EndProject
Project("{FAE04EC0-301F-11D3-BF4B-00C04F79EFBC}") = "Microsoft.AspNet.SignalR.Utils", "src\Microsoft.AspNet.SignalR.Utils\Microsoft.AspNet.SignalR.Utils.csproj", "{990B347D-F5BF-4F94-9967-D98D24ACEA43}"
EndProject
Project("{FAE04EC0-301F-11D3-BF4B-00C04F79EFBC}") = "Microsoft.AspNet.SignalR.Crank", "src\Microsoft.AspNet.SignalR.Crank\Microsoft.AspNet.SignalR.Crank.csproj", "{2E0CF0DC-E6E4-4928-ABA3-E3300CEEAE91}"
EndProject
Project("{FAE04EC0-301F-11D3-BF4B-00C04F79EFBC}") = "Microsoft.AspNet.SignalR.Client.Silverlight5", "src\Microsoft.AspNet.SignalR.Client.Silverlight5\Microsoft.AspNet.SignalR.Client.Silverlight5.csproj", "{0220B607-1686-4D4A-AEF0-292EA9827531}"
EndProject
Project("{FAE04EC0-301F-11D3-BF4B-00C04F79EFBC}") = "Microsoft.AspNet.SignalR.Client.WP8", "src\Microsoft.AspNet.SignalR.Client.WP8\Microsoft.AspNet.SignalR.Client.WP8.csproj", "{12D04172-2A5A-420D-A29B-026DB62C3B72}"
EndProject
Project("{FAE04EC0-301F-11D3-BF4B-00C04F79EFBC}") = "Microsoft.AspNet.SignalR.Client.WP8.Sample", "samples\Microsoft.AspNet.SignalR.Client.WP8.Sample\Microsoft.AspNet.SignalR.Client.WP8.Sample.csproj", "{2117F295-6451-4447-A646-614B2D8352EF}"
EndProject
Project("{FAE04EC0-301F-11D3-BF4B-00C04F79EFBC}") = "Microsoft.AspNet.SignalR.Client.WinRT", "src\Microsoft.AspNet.SignalR.Client.WinRT\Microsoft.AspNet.SignalR.Client.WinRT.csproj", "{0D2276D4-E912-46A4-8A06-59C4B8A537FC}"
EndProject
Project("{FAE04EC0-301F-11D3-BF4B-00C04F79EFBC}") = "Microsoft.Owin.Hosting", "katana\src\Microsoft.Owin.Hosting\Microsoft.Owin.Hosting.csproj", "{C225EB2E-E7A7-463F-B058-1705F204978E}"
EndProject
Project("{FAE04EC0-301F-11D3-BF4B-00C04F79EFBC}") = "Microsoft.AspNet.Owin.Samples", "samples\Microsoft.AspNet.Owin.Samples\Microsoft.AspNet.Owin.Samples.csproj", "{5D69B6BE-062B-408D-913E-5CD2F21D5D17}"
EndProject
Project("{FAE04EC0-301F-11D3-BF4B-00C04F79EFBC}") = "Microsoft.AspNet.SignalR.Tests.Common", "tests\Microsoft.AspNet.SignalR.Tests.Common\Microsoft.AspNet.SignalR.Tests.Common.csproj", "{F18A8896-10BD-469E-9AA1-AEBACEF4D7B7}"
EndProject
Global
	GlobalSection(SolutionConfigurationPlatforms) = preSolution
		Debug|Any CPU = Debug|Any CPU
		Debug|ARM = Debug|ARM
		Debug|Mixed Platforms = Debug|Mixed Platforms
		Debug|x64 = Debug|x64
		Debug|x86 = Debug|x86
		Release|Any CPU = Release|Any CPU
		Release|ARM = Release|ARM
		Release|Mixed Platforms = Release|Mixed Platforms
		Release|x64 = Release|x64
		Release|x86 = Release|x86
	EndGlobalSection
	GlobalSection(ProjectConfigurationPlatforms) = postSolution
		{1B9A82C4-BCA1-4834-A33E-226F17BE070B}.Debug|Any CPU.ActiveCfg = Debug|Any CPU
		{1B9A82C4-BCA1-4834-A33E-226F17BE070B}.Debug|Any CPU.Build.0 = Debug|Any CPU
		{1B9A82C4-BCA1-4834-A33E-226F17BE070B}.Debug|ARM.ActiveCfg = Debug|Any CPU
		{1B9A82C4-BCA1-4834-A33E-226F17BE070B}.Debug|Mixed Platforms.ActiveCfg = Debug|Any CPU
		{1B9A82C4-BCA1-4834-A33E-226F17BE070B}.Debug|Mixed Platforms.Build.0 = Debug|Any CPU
		{1B9A82C4-BCA1-4834-A33E-226F17BE070B}.Debug|x64.ActiveCfg = Debug|Any CPU
		{1B9A82C4-BCA1-4834-A33E-226F17BE070B}.Debug|x86.ActiveCfg = Debug|Any CPU
		{1B9A82C4-BCA1-4834-A33E-226F17BE070B}.Release|Any CPU.ActiveCfg = Release|Any CPU
		{1B9A82C4-BCA1-4834-A33E-226F17BE070B}.Release|Any CPU.Build.0 = Release|Any CPU
		{1B9A82C4-BCA1-4834-A33E-226F17BE070B}.Release|ARM.ActiveCfg = Release|Any CPU
		{1B9A82C4-BCA1-4834-A33E-226F17BE070B}.Release|Mixed Platforms.ActiveCfg = Release|Any CPU
		{1B9A82C4-BCA1-4834-A33E-226F17BE070B}.Release|Mixed Platforms.Build.0 = Release|Any CPU
		{1B9A82C4-BCA1-4834-A33E-226F17BE070B}.Release|x64.ActiveCfg = Release|Any CPU
		{1B9A82C4-BCA1-4834-A33E-226F17BE070B}.Release|x86.ActiveCfg = Release|Any CPU
		{EB46B9C6-EE37-48F9-835E-E49580E40E0A}.Debug|Any CPU.ActiveCfg = Debug|Any CPU
		{EB46B9C6-EE37-48F9-835E-E49580E40E0A}.Debug|Any CPU.Build.0 = Debug|Any CPU
		{EB46B9C6-EE37-48F9-835E-E49580E40E0A}.Debug|ARM.ActiveCfg = Debug|Any CPU
		{EB46B9C6-EE37-48F9-835E-E49580E40E0A}.Debug|Mixed Platforms.ActiveCfg = Debug|Any CPU
		{EB46B9C6-EE37-48F9-835E-E49580E40E0A}.Debug|Mixed Platforms.Build.0 = Debug|Any CPU
		{EB46B9C6-EE37-48F9-835E-E49580E40E0A}.Debug|x64.ActiveCfg = Debug|Any CPU
		{EB46B9C6-EE37-48F9-835E-E49580E40E0A}.Debug|x86.ActiveCfg = Debug|Any CPU
		{EB46B9C6-EE37-48F9-835E-E49580E40E0A}.Release|Any CPU.ActiveCfg = Release|Any CPU
		{EB46B9C6-EE37-48F9-835E-E49580E40E0A}.Release|Any CPU.Build.0 = Release|Any CPU
		{EB46B9C6-EE37-48F9-835E-E49580E40E0A}.Release|ARM.ActiveCfg = Release|Any CPU
		{EB46B9C6-EE37-48F9-835E-E49580E40E0A}.Release|Mixed Platforms.ActiveCfg = Release|Any CPU
		{EB46B9C6-EE37-48F9-835E-E49580E40E0A}.Release|Mixed Platforms.Build.0 = Release|Any CPU
		{EB46B9C6-EE37-48F9-835E-E49580E40E0A}.Release|x64.ActiveCfg = Release|Any CPU
		{EB46B9C6-EE37-48F9-835E-E49580E40E0A}.Release|x86.ActiveCfg = Release|Any CPU
		{FBA09237-84CC-4383-BD12-CDF58E4020E8}.Debug|Any CPU.ActiveCfg = Debug|Any CPU
		{FBA09237-84CC-4383-BD12-CDF58E4020E8}.Debug|Any CPU.Build.0 = Debug|Any CPU
		{FBA09237-84CC-4383-BD12-CDF58E4020E8}.Debug|ARM.ActiveCfg = Debug|Any CPU
		{FBA09237-84CC-4383-BD12-CDF58E4020E8}.Debug|Mixed Platforms.ActiveCfg = Debug|Any CPU
		{FBA09237-84CC-4383-BD12-CDF58E4020E8}.Debug|Mixed Platforms.Build.0 = Debug|Any CPU
		{FBA09237-84CC-4383-BD12-CDF58E4020E8}.Debug|x64.ActiveCfg = Debug|Any CPU
		{FBA09237-84CC-4383-BD12-CDF58E4020E8}.Debug|x86.ActiveCfg = Debug|Any CPU
		{FBA09237-84CC-4383-BD12-CDF58E4020E8}.Release|Any CPU.ActiveCfg = Release|Any CPU
		{FBA09237-84CC-4383-BD12-CDF58E4020E8}.Release|Any CPU.Build.0 = Release|Any CPU
		{FBA09237-84CC-4383-BD12-CDF58E4020E8}.Release|ARM.ActiveCfg = Release|Any CPU
		{FBA09237-84CC-4383-BD12-CDF58E4020E8}.Release|Mixed Platforms.ActiveCfg = Release|Any CPU
		{FBA09237-84CC-4383-BD12-CDF58E4020E8}.Release|Mixed Platforms.Build.0 = Release|Any CPU
		{FBA09237-84CC-4383-BD12-CDF58E4020E8}.Release|x64.ActiveCfg = Release|Any CPU
		{FBA09237-84CC-4383-BD12-CDF58E4020E8}.Release|x86.ActiveCfg = Release|Any CPU
		{758D93C8-7985-4F55-82DA-8BA5198CF4EF}.Debug|Any CPU.ActiveCfg = Debug|x86
		{758D93C8-7985-4F55-82DA-8BA5198CF4EF}.Debug|ARM.ActiveCfg = Debug|x86
		{758D93C8-7985-4F55-82DA-8BA5198CF4EF}.Debug|Mixed Platforms.ActiveCfg = Debug|x86
		{758D93C8-7985-4F55-82DA-8BA5198CF4EF}.Debug|Mixed Platforms.Build.0 = Debug|x86
		{758D93C8-7985-4F55-82DA-8BA5198CF4EF}.Debug|x64.ActiveCfg = Debug|x86
		{758D93C8-7985-4F55-82DA-8BA5198CF4EF}.Debug|x86.ActiveCfg = Debug|x86
		{758D93C8-7985-4F55-82DA-8BA5198CF4EF}.Debug|x86.Build.0 = Debug|x86
		{758D93C8-7985-4F55-82DA-8BA5198CF4EF}.Release|Any CPU.ActiveCfg = Release|x86
		{758D93C8-7985-4F55-82DA-8BA5198CF4EF}.Release|ARM.ActiveCfg = Release|x86
		{758D93C8-7985-4F55-82DA-8BA5198CF4EF}.Release|Mixed Platforms.ActiveCfg = Release|x86
		{758D93C8-7985-4F55-82DA-8BA5198CF4EF}.Release|Mixed Platforms.Build.0 = Release|x86
		{758D93C8-7985-4F55-82DA-8BA5198CF4EF}.Release|x64.ActiveCfg = Release|x86
		{758D93C8-7985-4F55-82DA-8BA5198CF4EF}.Release|x86.ActiveCfg = Release|x86
		{758D93C8-7985-4F55-82DA-8BA5198CF4EF}.Release|x86.Build.0 = Release|x86
		{055F2118-FE29-4219-A28A-3D6F0889652E}.Debug|Any CPU.ActiveCfg = Debug|Any CPU
		{055F2118-FE29-4219-A28A-3D6F0889652E}.Debug|Any CPU.Build.0 = Debug|Any CPU
		{055F2118-FE29-4219-A28A-3D6F0889652E}.Debug|ARM.ActiveCfg = Debug|Any CPU
		{055F2118-FE29-4219-A28A-3D6F0889652E}.Debug|Mixed Platforms.ActiveCfg = Debug|Any CPU
		{055F2118-FE29-4219-A28A-3D6F0889652E}.Debug|Mixed Platforms.Build.0 = Debug|Any CPU
		{055F2118-FE29-4219-A28A-3D6F0889652E}.Debug|x64.ActiveCfg = Debug|Any CPU
		{055F2118-FE29-4219-A28A-3D6F0889652E}.Debug|x86.ActiveCfg = Debug|Any CPU
		{055F2118-FE29-4219-A28A-3D6F0889652E}.Release|Any CPU.ActiveCfg = Release|Any CPU
		{055F2118-FE29-4219-A28A-3D6F0889652E}.Release|Any CPU.Build.0 = Release|Any CPU
		{055F2118-FE29-4219-A28A-3D6F0889652E}.Release|ARM.ActiveCfg = Release|Any CPU
		{055F2118-FE29-4219-A28A-3D6F0889652E}.Release|Mixed Platforms.ActiveCfg = Release|Any CPU
		{055F2118-FE29-4219-A28A-3D6F0889652E}.Release|Mixed Platforms.Build.0 = Release|Any CPU
		{055F2118-FE29-4219-A28A-3D6F0889652E}.Release|x64.ActiveCfg = Release|Any CPU
		{055F2118-FE29-4219-A28A-3D6F0889652E}.Release|x86.ActiveCfg = Release|Any CPU
		{1EA34A62-E03E-45CF-A9C9-82D2DA0FCD82}.Debug|Any CPU.ActiveCfg = Debug|Any CPU
		{1EA34A62-E03E-45CF-A9C9-82D2DA0FCD82}.Debug|Any CPU.Build.0 = Debug|Any CPU
		{1EA34A62-E03E-45CF-A9C9-82D2DA0FCD82}.Debug|ARM.ActiveCfg = Debug|Any CPU
		{1EA34A62-E03E-45CF-A9C9-82D2DA0FCD82}.Debug|Mixed Platforms.ActiveCfg = Debug|Any CPU
		{1EA34A62-E03E-45CF-A9C9-82D2DA0FCD82}.Debug|Mixed Platforms.Build.0 = Debug|Any CPU
		{1EA34A62-E03E-45CF-A9C9-82D2DA0FCD82}.Debug|x64.ActiveCfg = Debug|Any CPU
		{1EA34A62-E03E-45CF-A9C9-82D2DA0FCD82}.Debug|x86.ActiveCfg = Debug|Any CPU
		{1EA34A62-E03E-45CF-A9C9-82D2DA0FCD82}.Release|Any CPU.ActiveCfg = Release|Any CPU
		{1EA34A62-E03E-45CF-A9C9-82D2DA0FCD82}.Release|Any CPU.Build.0 = Release|Any CPU
		{1EA34A62-E03E-45CF-A9C9-82D2DA0FCD82}.Release|ARM.ActiveCfg = Release|Any CPU
		{1EA34A62-E03E-45CF-A9C9-82D2DA0FCD82}.Release|Mixed Platforms.ActiveCfg = Release|Any CPU
		{1EA34A62-E03E-45CF-A9C9-82D2DA0FCD82}.Release|Mixed Platforms.Build.0 = Release|Any CPU
		{1EA34A62-E03E-45CF-A9C9-82D2DA0FCD82}.Release|x64.ActiveCfg = Release|Any CPU
		{1EA34A62-E03E-45CF-A9C9-82D2DA0FCD82}.Release|x86.ActiveCfg = Release|Any CPU
		{E0223FDC-0982-4D80-B6C2-BFAA6C6748C5}.Debug|Any CPU.ActiveCfg = Debug|x86
		{E0223FDC-0982-4D80-B6C2-BFAA6C6748C5}.Debug|ARM.ActiveCfg = Debug|x86
		{E0223FDC-0982-4D80-B6C2-BFAA6C6748C5}.Debug|Mixed Platforms.ActiveCfg = Debug|x86
		{E0223FDC-0982-4D80-B6C2-BFAA6C6748C5}.Debug|Mixed Platforms.Build.0 = Debug|x86
		{E0223FDC-0982-4D80-B6C2-BFAA6C6748C5}.Debug|x64.ActiveCfg = Debug|x86
		{E0223FDC-0982-4D80-B6C2-BFAA6C6748C5}.Debug|x86.ActiveCfg = Debug|x86
		{E0223FDC-0982-4D80-B6C2-BFAA6C6748C5}.Debug|x86.Build.0 = Debug|x86
		{E0223FDC-0982-4D80-B6C2-BFAA6C6748C5}.Release|Any CPU.ActiveCfg = Release|x86
		{E0223FDC-0982-4D80-B6C2-BFAA6C6748C5}.Release|ARM.ActiveCfg = Release|x86
		{E0223FDC-0982-4D80-B6C2-BFAA6C6748C5}.Release|Mixed Platforms.ActiveCfg = Release|x86
		{E0223FDC-0982-4D80-B6C2-BFAA6C6748C5}.Release|Mixed Platforms.Build.0 = Release|x86
		{E0223FDC-0982-4D80-B6C2-BFAA6C6748C5}.Release|x64.ActiveCfg = Release|x86
		{E0223FDC-0982-4D80-B6C2-BFAA6C6748C5}.Release|x86.ActiveCfg = Release|x86
		{E0223FDC-0982-4D80-B6C2-BFAA6C6748C5}.Release|x86.Build.0 = Release|x86
		{69771AF9-1BEE-48E6-98BC-78864231E239}.Debug|Any CPU.ActiveCfg = Debug|Any CPU
		{69771AF9-1BEE-48E6-98BC-78864231E239}.Debug|Any CPU.Build.0 = Debug|Any CPU
		{69771AF9-1BEE-48E6-98BC-78864231E239}.Debug|ARM.ActiveCfg = Debug|Any CPU
		{69771AF9-1BEE-48E6-98BC-78864231E239}.Debug|Mixed Platforms.ActiveCfg = Debug|Any CPU
		{69771AF9-1BEE-48E6-98BC-78864231E239}.Debug|Mixed Platforms.Build.0 = Debug|Any CPU
		{69771AF9-1BEE-48E6-98BC-78864231E239}.Debug|x64.ActiveCfg = Debug|Any CPU
		{69771AF9-1BEE-48E6-98BC-78864231E239}.Debug|x86.ActiveCfg = Debug|Any CPU
		{69771AF9-1BEE-48E6-98BC-78864231E239}.Release|Any CPU.ActiveCfg = Release|Any CPU
		{69771AF9-1BEE-48E6-98BC-78864231E239}.Release|Any CPU.Build.0 = Release|Any CPU
		{69771AF9-1BEE-48E6-98BC-78864231E239}.Release|ARM.ActiveCfg = Release|Any CPU
		{69771AF9-1BEE-48E6-98BC-78864231E239}.Release|Mixed Platforms.ActiveCfg = Release|Any CPU
		{69771AF9-1BEE-48E6-98BC-78864231E239}.Release|Mixed Platforms.Build.0 = Release|Any CPU
		{69771AF9-1BEE-48E6-98BC-78864231E239}.Release|x64.ActiveCfg = Release|Any CPU
		{69771AF9-1BEE-48E6-98BC-78864231E239}.Release|x86.ActiveCfg = Release|Any CPU
		{E965290E-278C-4B4D-8AE4-404976433BC3}.Debug|Any CPU.ActiveCfg = Debug|Any CPU
		{E965290E-278C-4B4D-8AE4-404976433BC3}.Debug|Any CPU.Build.0 = Debug|Any CPU
		{E965290E-278C-4B4D-8AE4-404976433BC3}.Debug|ARM.ActiveCfg = Debug|Any CPU
		{E965290E-278C-4B4D-8AE4-404976433BC3}.Debug|Mixed Platforms.ActiveCfg = Debug|Any CPU
		{E965290E-278C-4B4D-8AE4-404976433BC3}.Debug|Mixed Platforms.Build.0 = Debug|Any CPU
		{E965290E-278C-4B4D-8AE4-404976433BC3}.Debug|x64.ActiveCfg = Debug|Any CPU
		{E965290E-278C-4B4D-8AE4-404976433BC3}.Debug|x86.ActiveCfg = Debug|Any CPU
		{E965290E-278C-4B4D-8AE4-404976433BC3}.Release|Any CPU.ActiveCfg = Release|Any CPU
		{E965290E-278C-4B4D-8AE4-404976433BC3}.Release|Any CPU.Build.0 = Release|Any CPU
		{E965290E-278C-4B4D-8AE4-404976433BC3}.Release|ARM.ActiveCfg = Release|Any CPU
		{E965290E-278C-4B4D-8AE4-404976433BC3}.Release|Mixed Platforms.ActiveCfg = Release|Any CPU
		{E965290E-278C-4B4D-8AE4-404976433BC3}.Release|Mixed Platforms.Build.0 = Release|Any CPU
		{E965290E-278C-4B4D-8AE4-404976433BC3}.Release|x64.ActiveCfg = Release|Any CPU
		{E965290E-278C-4B4D-8AE4-404976433BC3}.Release|x86.ActiveCfg = Release|Any CPU
		{FD48578F-E825-47EA-A846-9764E01F523A}.Debug|Any CPU.ActiveCfg = Debug|Any CPU
		{FD48578F-E825-47EA-A846-9764E01F523A}.Debug|Any CPU.Build.0 = Debug|Any CPU
		{FD48578F-E825-47EA-A846-9764E01F523A}.Debug|ARM.ActiveCfg = Debug|Any CPU
		{FD48578F-E825-47EA-A846-9764E01F523A}.Debug|Mixed Platforms.ActiveCfg = Debug|Any CPU
		{FD48578F-E825-47EA-A846-9764E01F523A}.Debug|Mixed Platforms.Build.0 = Debug|Any CPU
		{FD48578F-E825-47EA-A846-9764E01F523A}.Debug|x64.ActiveCfg = Debug|Any CPU
		{FD48578F-E825-47EA-A846-9764E01F523A}.Debug|x86.ActiveCfg = Debug|Any CPU
		{FD48578F-E825-47EA-A846-9764E01F523A}.Release|Any CPU.ActiveCfg = Release|Any CPU
		{FD48578F-E825-47EA-A846-9764E01F523A}.Release|Any CPU.Build.0 = Release|Any CPU
		{FD48578F-E825-47EA-A846-9764E01F523A}.Release|ARM.ActiveCfg = Release|Any CPU
		{FD48578F-E825-47EA-A846-9764E01F523A}.Release|Mixed Platforms.ActiveCfg = Release|Any CPU
		{FD48578F-E825-47EA-A846-9764E01F523A}.Release|Mixed Platforms.Build.0 = Release|Any CPU
		{FD48578F-E825-47EA-A846-9764E01F523A}.Release|x64.ActiveCfg = Release|Any CPU
		{FD48578F-E825-47EA-A846-9764E01F523A}.Release|x86.ActiveCfg = Release|Any CPU
		{EFCF27EC-CB9B-4F3A-91BE-154B8AB5B5E0}.Debug|Any CPU.ActiveCfg = Debug|Any CPU
		{EFCF27EC-CB9B-4F3A-91BE-154B8AB5B5E0}.Debug|Any CPU.Build.0 = Debug|Any CPU
		{EFCF27EC-CB9B-4F3A-91BE-154B8AB5B5E0}.Debug|ARM.ActiveCfg = Debug|Any CPU
		{EFCF27EC-CB9B-4F3A-91BE-154B8AB5B5E0}.Debug|Mixed Platforms.ActiveCfg = Debug|Any CPU
		{EFCF27EC-CB9B-4F3A-91BE-154B8AB5B5E0}.Debug|Mixed Platforms.Build.0 = Debug|Any CPU
		{EFCF27EC-CB9B-4F3A-91BE-154B8AB5B5E0}.Debug|x64.ActiveCfg = Debug|Any CPU
		{EFCF27EC-CB9B-4F3A-91BE-154B8AB5B5E0}.Debug|x86.ActiveCfg = Debug|Any CPU
		{EFCF27EC-CB9B-4F3A-91BE-154B8AB5B5E0}.Release|Any CPU.ActiveCfg = Release|Any CPU
		{EFCF27EC-CB9B-4F3A-91BE-154B8AB5B5E0}.Release|Any CPU.Build.0 = Release|Any CPU
		{EFCF27EC-CB9B-4F3A-91BE-154B8AB5B5E0}.Release|ARM.ActiveCfg = Release|Any CPU
		{EFCF27EC-CB9B-4F3A-91BE-154B8AB5B5E0}.Release|Mixed Platforms.ActiveCfg = Release|Any CPU
		{EFCF27EC-CB9B-4F3A-91BE-154B8AB5B5E0}.Release|Mixed Platforms.Build.0 = Release|Any CPU
		{EFCF27EC-CB9B-4F3A-91BE-154B8AB5B5E0}.Release|x64.ActiveCfg = Release|Any CPU
		{EFCF27EC-CB9B-4F3A-91BE-154B8AB5B5E0}.Release|x86.ActiveCfg = Release|Any CPU
		{3DA5E69C-BA4C-4EC1-9FDE-688A1BC34B17}.Debug|Any CPU.ActiveCfg = Debug|Any CPU
		{3DA5E69C-BA4C-4EC1-9FDE-688A1BC34B17}.Debug|Any CPU.Build.0 = Debug|Any CPU
		{3DA5E69C-BA4C-4EC1-9FDE-688A1BC34B17}.Debug|ARM.ActiveCfg = Debug|Any CPU
		{3DA5E69C-BA4C-4EC1-9FDE-688A1BC34B17}.Debug|Mixed Platforms.ActiveCfg = Debug|Any CPU
		{3DA5E69C-BA4C-4EC1-9FDE-688A1BC34B17}.Debug|Mixed Platforms.Build.0 = Debug|Any CPU
		{3DA5E69C-BA4C-4EC1-9FDE-688A1BC34B17}.Debug|x64.ActiveCfg = Debug|Any CPU
		{3DA5E69C-BA4C-4EC1-9FDE-688A1BC34B17}.Debug|x86.ActiveCfg = Debug|Any CPU
		{3DA5E69C-BA4C-4EC1-9FDE-688A1BC34B17}.Release|Any CPU.ActiveCfg = Release|Any CPU
		{3DA5E69C-BA4C-4EC1-9FDE-688A1BC34B17}.Release|Any CPU.Build.0 = Release|Any CPU
		{3DA5E69C-BA4C-4EC1-9FDE-688A1BC34B17}.Release|ARM.ActiveCfg = Release|Any CPU
		{3DA5E69C-BA4C-4EC1-9FDE-688A1BC34B17}.Release|Mixed Platforms.ActiveCfg = Release|Any CPU
		{3DA5E69C-BA4C-4EC1-9FDE-688A1BC34B17}.Release|Mixed Platforms.Build.0 = Release|Any CPU
		{3DA5E69C-BA4C-4EC1-9FDE-688A1BC34B17}.Release|x64.ActiveCfg = Release|Any CPU
		{3DA5E69C-BA4C-4EC1-9FDE-688A1BC34B17}.Release|x86.ActiveCfg = Release|Any CPU
		{B94E0027-2664-4DAC-BA32-7AA12BFCEE10}.Debug|Any CPU.ActiveCfg = Debug|Any CPU
		{B94E0027-2664-4DAC-BA32-7AA12BFCEE10}.Debug|Any CPU.Build.0 = Debug|Any CPU
		{B94E0027-2664-4DAC-BA32-7AA12BFCEE10}.Debug|ARM.ActiveCfg = Debug|Any CPU
		{B94E0027-2664-4DAC-BA32-7AA12BFCEE10}.Debug|Mixed Platforms.ActiveCfg = Debug|Any CPU
		{B94E0027-2664-4DAC-BA32-7AA12BFCEE10}.Debug|Mixed Platforms.Build.0 = Debug|Any CPU
		{B94E0027-2664-4DAC-BA32-7AA12BFCEE10}.Debug|x64.ActiveCfg = Debug|Any CPU
		{B94E0027-2664-4DAC-BA32-7AA12BFCEE10}.Debug|x86.ActiveCfg = Debug|Any CPU
		{B94E0027-2664-4DAC-BA32-7AA12BFCEE10}.Release|Any CPU.ActiveCfg = Release|Any CPU
		{B94E0027-2664-4DAC-BA32-7AA12BFCEE10}.Release|Any CPU.Build.0 = Release|Any CPU
		{B94E0027-2664-4DAC-BA32-7AA12BFCEE10}.Release|ARM.ActiveCfg = Release|Any CPU
		{B94E0027-2664-4DAC-BA32-7AA12BFCEE10}.Release|Mixed Platforms.ActiveCfg = Release|Any CPU
		{B94E0027-2664-4DAC-BA32-7AA12BFCEE10}.Release|Mixed Platforms.Build.0 = Release|Any CPU
		{B94E0027-2664-4DAC-BA32-7AA12BFCEE10}.Release|x64.ActiveCfg = Release|Any CPU
		{B94E0027-2664-4DAC-BA32-7AA12BFCEE10}.Release|x86.ActiveCfg = Release|Any CPU
		{819038AC-6770-48DB-B9FA-F1245C87C341}.Debug|Any CPU.ActiveCfg = Debug|Any CPU
		{819038AC-6770-48DB-B9FA-F1245C87C341}.Debug|Any CPU.Build.0 = Debug|Any CPU
		{819038AC-6770-48DB-B9FA-F1245C87C341}.Debug|ARM.ActiveCfg = Debug|Any CPU
		{819038AC-6770-48DB-B9FA-F1245C87C341}.Debug|Mixed Platforms.ActiveCfg = Debug|Any CPU
		{819038AC-6770-48DB-B9FA-F1245C87C341}.Debug|Mixed Platforms.Build.0 = Debug|Any CPU
		{819038AC-6770-48DB-B9FA-F1245C87C341}.Debug|x64.ActiveCfg = Debug|Any CPU
		{819038AC-6770-48DB-B9FA-F1245C87C341}.Debug|x86.ActiveCfg = Debug|Any CPU
		{819038AC-6770-48DB-B9FA-F1245C87C341}.Release|Any CPU.ActiveCfg = Release|Any CPU
		{819038AC-6770-48DB-B9FA-F1245C87C341}.Release|Any CPU.Build.0 = Release|Any CPU
		{819038AC-6770-48DB-B9FA-F1245C87C341}.Release|ARM.ActiveCfg = Release|Any CPU
		{819038AC-6770-48DB-B9FA-F1245C87C341}.Release|Mixed Platforms.ActiveCfg = Release|Any CPU
		{819038AC-6770-48DB-B9FA-F1245C87C341}.Release|Mixed Platforms.Build.0 = Release|Any CPU
		{819038AC-6770-48DB-B9FA-F1245C87C341}.Release|x64.ActiveCfg = Release|Any CPU
		{819038AC-6770-48DB-B9FA-F1245C87C341}.Release|x86.ActiveCfg = Release|Any CPU
		{E31826E6-C29A-4F08-BD4F-E17ACA793BBC}.Debug|Any CPU.ActiveCfg = Debug|Any CPU
		{E31826E6-C29A-4F08-BD4F-E17ACA793BBC}.Debug|Any CPU.Build.0 = Debug|Any CPU
		{E31826E6-C29A-4F08-BD4F-E17ACA793BBC}.Debug|ARM.ActiveCfg = Debug|Any CPU
		{E31826E6-C29A-4F08-BD4F-E17ACA793BBC}.Debug|Mixed Platforms.ActiveCfg = Debug|Any CPU
		{E31826E6-C29A-4F08-BD4F-E17ACA793BBC}.Debug|Mixed Platforms.Build.0 = Debug|Any CPU
		{E31826E6-C29A-4F08-BD4F-E17ACA793BBC}.Debug|x64.ActiveCfg = Debug|Any CPU
		{E31826E6-C29A-4F08-BD4F-E17ACA793BBC}.Debug|x86.ActiveCfg = Debug|Any CPU
		{E31826E6-C29A-4F08-BD4F-E17ACA793BBC}.Release|Any CPU.ActiveCfg = Release|Any CPU
		{E31826E6-C29A-4F08-BD4F-E17ACA793BBC}.Release|Any CPU.Build.0 = Release|Any CPU
		{E31826E6-C29A-4F08-BD4F-E17ACA793BBC}.Release|ARM.ActiveCfg = Release|Any CPU
		{E31826E6-C29A-4F08-BD4F-E17ACA793BBC}.Release|Mixed Platforms.ActiveCfg = Release|Any CPU
		{E31826E6-C29A-4F08-BD4F-E17ACA793BBC}.Release|Mixed Platforms.Build.0 = Release|Any CPU
		{E31826E6-C29A-4F08-BD4F-E17ACA793BBC}.Release|x64.ActiveCfg = Release|Any CPU
		{E31826E6-C29A-4F08-BD4F-E17ACA793BBC}.Release|x86.ActiveCfg = Release|Any CPU
		{2B8C6DAD-4D85-41B1-83FD-248D9F347522}.Debug|Any CPU.ActiveCfg = Debug|Any CPU
		{2B8C6DAD-4D85-41B1-83FD-248D9F347522}.Debug|Any CPU.Build.0 = Debug|Any CPU
		{2B8C6DAD-4D85-41B1-83FD-248D9F347522}.Debug|ARM.ActiveCfg = Debug|Any CPU
		{2B8C6DAD-4D85-41B1-83FD-248D9F347522}.Debug|Mixed Platforms.ActiveCfg = Debug|Any CPU
		{2B8C6DAD-4D85-41B1-83FD-248D9F347522}.Debug|Mixed Platforms.Build.0 = Debug|Any CPU
		{2B8C6DAD-4D85-41B1-83FD-248D9F347522}.Debug|x64.ActiveCfg = Debug|Any CPU
		{2B8C6DAD-4D85-41B1-83FD-248D9F347522}.Debug|x86.ActiveCfg = Debug|Any CPU
		{2B8C6DAD-4D85-41B1-83FD-248D9F347522}.Release|Any CPU.ActiveCfg = Release|Any CPU
		{2B8C6DAD-4D85-41B1-83FD-248D9F347522}.Release|Any CPU.Build.0 = Release|Any CPU
		{2B8C6DAD-4D85-41B1-83FD-248D9F347522}.Release|ARM.ActiveCfg = Release|Any CPU
		{2B8C6DAD-4D85-41B1-83FD-248D9F347522}.Release|Mixed Platforms.ActiveCfg = Release|Any CPU
		{2B8C6DAD-4D85-41B1-83FD-248D9F347522}.Release|Mixed Platforms.Build.0 = Release|Any CPU
		{2B8C6DAD-4D85-41B1-83FD-248D9F347522}.Release|x64.ActiveCfg = Release|Any CPU
		{2B8C6DAD-4D85-41B1-83FD-248D9F347522}.Release|x86.ActiveCfg = Release|Any CPU
		{37C04B69-0989-458A-B80C-A1ED574ADBE4}.Debug|Any CPU.ActiveCfg = Debug|Any CPU
		{37C04B69-0989-458A-B80C-A1ED574ADBE4}.Debug|Any CPU.Build.0 = Debug|Any CPU
		{37C04B69-0989-458A-B80C-A1ED574ADBE4}.Debug|ARM.ActiveCfg = Debug|Any CPU
		{37C04B69-0989-458A-B80C-A1ED574ADBE4}.Debug|Mixed Platforms.ActiveCfg = Debug|Any CPU
		{37C04B69-0989-458A-B80C-A1ED574ADBE4}.Debug|Mixed Platforms.Build.0 = Debug|Any CPU
		{37C04B69-0989-458A-B80C-A1ED574ADBE4}.Debug|x64.ActiveCfg = Debug|Any CPU
		{37C04B69-0989-458A-B80C-A1ED574ADBE4}.Debug|x86.ActiveCfg = Debug|Any CPU
		{37C04B69-0989-458A-B80C-A1ED574ADBE4}.Release|Any CPU.ActiveCfg = Release|Any CPU
		{37C04B69-0989-458A-B80C-A1ED574ADBE4}.Release|Any CPU.Build.0 = Release|Any CPU
		{37C04B69-0989-458A-B80C-A1ED574ADBE4}.Release|ARM.ActiveCfg = Release|Any CPU
		{37C04B69-0989-458A-B80C-A1ED574ADBE4}.Release|Mixed Platforms.ActiveCfg = Release|Any CPU
		{37C04B69-0989-458A-B80C-A1ED574ADBE4}.Release|Mixed Platforms.Build.0 = Release|Any CPU
		{37C04B69-0989-458A-B80C-A1ED574ADBE4}.Release|x64.ActiveCfg = Release|Any CPU
		{37C04B69-0989-458A-B80C-A1ED574ADBE4}.Release|x86.ActiveCfg = Release|Any CPU
		{9F0C72D8-E43F-4F01-9DEB-9E8FE0AE179E}.Debug|Any CPU.ActiveCfg = Debug|Any CPU
		{9F0C72D8-E43F-4F01-9DEB-9E8FE0AE179E}.Debug|Any CPU.Build.0 = Debug|Any CPU
		{9F0C72D8-E43F-4F01-9DEB-9E8FE0AE179E}.Debug|ARM.ActiveCfg = Debug|Any CPU
		{9F0C72D8-E43F-4F01-9DEB-9E8FE0AE179E}.Debug|Mixed Platforms.ActiveCfg = Debug|Any CPU
		{9F0C72D8-E43F-4F01-9DEB-9E8FE0AE179E}.Debug|Mixed Platforms.Build.0 = Debug|Any CPU
		{9F0C72D8-E43F-4F01-9DEB-9E8FE0AE179E}.Debug|x64.ActiveCfg = Debug|Any CPU
		{9F0C72D8-E43F-4F01-9DEB-9E8FE0AE179E}.Debug|x86.ActiveCfg = Debug|Any CPU
		{9F0C72D8-E43F-4F01-9DEB-9E8FE0AE179E}.Release|Any CPU.ActiveCfg = Release|Any CPU
		{9F0C72D8-E43F-4F01-9DEB-9E8FE0AE179E}.Release|Any CPU.Build.0 = Release|Any CPU
		{9F0C72D8-E43F-4F01-9DEB-9E8FE0AE179E}.Release|ARM.ActiveCfg = Release|Any CPU
		{9F0C72D8-E43F-4F01-9DEB-9E8FE0AE179E}.Release|Mixed Platforms.ActiveCfg = Release|Any CPU
		{9F0C72D8-E43F-4F01-9DEB-9E8FE0AE179E}.Release|Mixed Platforms.Build.0 = Release|Any CPU
		{9F0C72D8-E43F-4F01-9DEB-9E8FE0AE179E}.Release|x64.ActiveCfg = Release|Any CPU
		{9F0C72D8-E43F-4F01-9DEB-9E8FE0AE179E}.Release|x86.ActiveCfg = Release|Any CPU
		{45892477-EF4E-4F45-A431-822755A38EA0}.Debug|Any CPU.ActiveCfg = Debug|Any CPU
		{45892477-EF4E-4F45-A431-822755A38EA0}.Debug|Any CPU.Build.0 = Debug|Any CPU
		{45892477-EF4E-4F45-A431-822755A38EA0}.Debug|ARM.ActiveCfg = Debug|Any CPU
		{45892477-EF4E-4F45-A431-822755A38EA0}.Debug|Mixed Platforms.ActiveCfg = Debug|Any CPU
		{45892477-EF4E-4F45-A431-822755A38EA0}.Debug|Mixed Platforms.Build.0 = Debug|Any CPU
		{45892477-EF4E-4F45-A431-822755A38EA0}.Debug|x64.ActiveCfg = Debug|Any CPU
		{45892477-EF4E-4F45-A431-822755A38EA0}.Debug|x86.ActiveCfg = Debug|Any CPU
		{45892477-EF4E-4F45-A431-822755A38EA0}.Release|Any CPU.ActiveCfg = Release|Any CPU
		{45892477-EF4E-4F45-A431-822755A38EA0}.Release|Any CPU.Build.0 = Release|Any CPU
		{45892477-EF4E-4F45-A431-822755A38EA0}.Release|ARM.ActiveCfg = Release|Any CPU
		{45892477-EF4E-4F45-A431-822755A38EA0}.Release|Mixed Platforms.ActiveCfg = Release|Any CPU
		{45892477-EF4E-4F45-A431-822755A38EA0}.Release|Mixed Platforms.Build.0 = Release|Any CPU
		{45892477-EF4E-4F45-A431-822755A38EA0}.Release|x64.ActiveCfg = Release|Any CPU
		{45892477-EF4E-4F45-A431-822755A38EA0}.Release|x86.ActiveCfg = Release|Any CPU
		{202FA02D-CC05-40D2-A574-4BD34E47F575}.Debug|Any CPU.ActiveCfg = Debug|Any CPU
		{202FA02D-CC05-40D2-A574-4BD34E47F575}.Debug|Any CPU.Build.0 = Debug|Any CPU
		{202FA02D-CC05-40D2-A574-4BD34E47F575}.Debug|ARM.ActiveCfg = Debug|Any CPU
		{202FA02D-CC05-40D2-A574-4BD34E47F575}.Debug|Mixed Platforms.ActiveCfg = Debug|Any CPU
		{202FA02D-CC05-40D2-A574-4BD34E47F575}.Debug|Mixed Platforms.Build.0 = Debug|Any CPU
		{202FA02D-CC05-40D2-A574-4BD34E47F575}.Debug|x64.ActiveCfg = Debug|Any CPU
		{202FA02D-CC05-40D2-A574-4BD34E47F575}.Debug|x86.ActiveCfg = Debug|Any CPU
		{202FA02D-CC05-40D2-A574-4BD34E47F575}.Release|Any CPU.ActiveCfg = Release|Any CPU
		{202FA02D-CC05-40D2-A574-4BD34E47F575}.Release|Any CPU.Build.0 = Release|Any CPU
		{202FA02D-CC05-40D2-A574-4BD34E47F575}.Release|ARM.ActiveCfg = Release|Any CPU
		{202FA02D-CC05-40D2-A574-4BD34E47F575}.Release|Mixed Platforms.ActiveCfg = Release|Any CPU
		{202FA02D-CC05-40D2-A574-4BD34E47F575}.Release|Mixed Platforms.Build.0 = Release|Any CPU
		{202FA02D-CC05-40D2-A574-4BD34E47F575}.Release|x64.ActiveCfg = Release|Any CPU
		{202FA02D-CC05-40D2-A574-4BD34E47F575}.Release|x86.ActiveCfg = Release|Any CPU
		{50F8A174-695E-498C-B105-BDBE6B398646}.Debug|Any CPU.ActiveCfg = Debug|Any CPU
		{50F8A174-695E-498C-B105-BDBE6B398646}.Debug|Any CPU.Build.0 = Debug|Any CPU
		{50F8A174-695E-498C-B105-BDBE6B398646}.Debug|ARM.ActiveCfg = Debug|Any CPU
		{50F8A174-695E-498C-B105-BDBE6B398646}.Debug|Mixed Platforms.ActiveCfg = Debug|Any CPU
		{50F8A174-695E-498C-B105-BDBE6B398646}.Debug|Mixed Platforms.Build.0 = Debug|Any CPU
		{50F8A174-695E-498C-B105-BDBE6B398646}.Debug|x64.ActiveCfg = Debug|Any CPU
		{50F8A174-695E-498C-B105-BDBE6B398646}.Debug|x86.ActiveCfg = Debug|Any CPU
		{50F8A174-695E-498C-B105-BDBE6B398646}.Release|Any CPU.ActiveCfg = Release|Any CPU
		{50F8A174-695E-498C-B105-BDBE6B398646}.Release|Any CPU.Build.0 = Release|Any CPU
		{50F8A174-695E-498C-B105-BDBE6B398646}.Release|ARM.ActiveCfg = Release|Any CPU
		{50F8A174-695E-498C-B105-BDBE6B398646}.Release|Mixed Platforms.ActiveCfg = Release|Any CPU
		{50F8A174-695E-498C-B105-BDBE6B398646}.Release|Mixed Platforms.Build.0 = Release|Any CPU
		{50F8A174-695E-498C-B105-BDBE6B398646}.Release|x64.ActiveCfg = Release|Any CPU
		{50F8A174-695E-498C-B105-BDBE6B398646}.Release|x86.ActiveCfg = Release|Any CPU
		{452C45C7-57A5-4161-BF7D-C1CD5AD4BB84}.Debug|Any CPU.ActiveCfg = Debug|Any CPU
		{452C45C7-57A5-4161-BF7D-C1CD5AD4BB84}.Debug|Any CPU.Build.0 = Debug|Any CPU
		{452C45C7-57A5-4161-BF7D-C1CD5AD4BB84}.Debug|ARM.ActiveCfg = Debug|Any CPU
		{452C45C7-57A5-4161-BF7D-C1CD5AD4BB84}.Debug|Mixed Platforms.ActiveCfg = Debug|Any CPU
		{452C45C7-57A5-4161-BF7D-C1CD5AD4BB84}.Debug|Mixed Platforms.Build.0 = Debug|Any CPU
		{452C45C7-57A5-4161-BF7D-C1CD5AD4BB84}.Debug|x64.ActiveCfg = Debug|Any CPU
		{452C45C7-57A5-4161-BF7D-C1CD5AD4BB84}.Debug|x86.ActiveCfg = Debug|Any CPU
		{452C45C7-57A5-4161-BF7D-C1CD5AD4BB84}.Release|Any CPU.ActiveCfg = Release|Any CPU
		{452C45C7-57A5-4161-BF7D-C1CD5AD4BB84}.Release|Any CPU.Build.0 = Release|Any CPU
		{452C45C7-57A5-4161-BF7D-C1CD5AD4BB84}.Release|ARM.ActiveCfg = Release|Any CPU
		{452C45C7-57A5-4161-BF7D-C1CD5AD4BB84}.Release|Mixed Platforms.ActiveCfg = Release|Any CPU
		{452C45C7-57A5-4161-BF7D-C1CD5AD4BB84}.Release|Mixed Platforms.Build.0 = Release|Any CPU
		{452C45C7-57A5-4161-BF7D-C1CD5AD4BB84}.Release|x64.ActiveCfg = Release|Any CPU
		{452C45C7-57A5-4161-BF7D-C1CD5AD4BB84}.Release|x86.ActiveCfg = Release|Any CPU
		{9F0C72D8-E43F-4F01-9DEB-919191911919}.Debug|Any CPU.ActiveCfg = Debug|Any CPU
		{9F0C72D8-E43F-4F01-9DEB-919191911919}.Debug|Any CPU.Build.0 = Debug|Any CPU
		{9F0C72D8-E43F-4F01-9DEB-919191911919}.Debug|ARM.ActiveCfg = Debug|Any CPU
		{9F0C72D8-E43F-4F01-9DEB-919191911919}.Debug|Mixed Platforms.ActiveCfg = Debug|Any CPU
		{9F0C72D8-E43F-4F01-9DEB-919191911919}.Debug|Mixed Platforms.Build.0 = Debug|Any CPU
		{9F0C72D8-E43F-4F01-9DEB-919191911919}.Debug|x64.ActiveCfg = Debug|Any CPU
		{9F0C72D8-E43F-4F01-9DEB-919191911919}.Debug|x86.ActiveCfg = Debug|Any CPU
		{9F0C72D8-E43F-4F01-9DEB-919191911919}.Release|Any CPU.ActiveCfg = Release|Any CPU
		{9F0C72D8-E43F-4F01-9DEB-919191911919}.Release|Any CPU.Build.0 = Release|Any CPU
		{9F0C72D8-E43F-4F01-9DEB-919191911919}.Release|ARM.ActiveCfg = Release|Any CPU
		{9F0C72D8-E43F-4F01-9DEB-919191911919}.Release|Mixed Platforms.ActiveCfg = Release|Any CPU
		{9F0C72D8-E43F-4F01-9DEB-919191911919}.Release|Mixed Platforms.Build.0 = Release|Any CPU
		{9F0C72D8-E43F-4F01-9DEB-919191911919}.Release|x64.ActiveCfg = Release|Any CPU
		{9F0C72D8-E43F-4F01-9DEB-919191911919}.Release|x86.ActiveCfg = Release|Any CPU
		{990B347D-F5BF-4F94-9967-D98D24ACEA43}.Debug|Any CPU.ActiveCfg = Debug|Any CPU
		{990B347D-F5BF-4F94-9967-D98D24ACEA43}.Debug|Any CPU.Build.0 = Debug|Any CPU
		{990B347D-F5BF-4F94-9967-D98D24ACEA43}.Debug|ARM.ActiveCfg = Debug|Any CPU
		{990B347D-F5BF-4F94-9967-D98D24ACEA43}.Debug|Mixed Platforms.ActiveCfg = Debug|Any CPU
		{990B347D-F5BF-4F94-9967-D98D24ACEA43}.Debug|Mixed Platforms.Build.0 = Debug|Any CPU
		{990B347D-F5BF-4F94-9967-D98D24ACEA43}.Debug|x64.ActiveCfg = Debug|Any CPU
		{990B347D-F5BF-4F94-9967-D98D24ACEA43}.Debug|x86.ActiveCfg = Debug|Any CPU
		{990B347D-F5BF-4F94-9967-D98D24ACEA43}.Release|Any CPU.ActiveCfg = Release|Any CPU
		{990B347D-F5BF-4F94-9967-D98D24ACEA43}.Release|Any CPU.Build.0 = Release|Any CPU
		{990B347D-F5BF-4F94-9967-D98D24ACEA43}.Release|ARM.ActiveCfg = Release|Any CPU
		{990B347D-F5BF-4F94-9967-D98D24ACEA43}.Release|Mixed Platforms.ActiveCfg = Release|Any CPU
		{990B347D-F5BF-4F94-9967-D98D24ACEA43}.Release|Mixed Platforms.Build.0 = Release|Any CPU
		{990B347D-F5BF-4F94-9967-D98D24ACEA43}.Release|x64.ActiveCfg = Release|Any CPU
		{990B347D-F5BF-4F94-9967-D98D24ACEA43}.Release|x86.ActiveCfg = Release|Any CPU
		{2E0CF0DC-E6E4-4928-ABA3-E3300CEEAE91}.Debug|Any CPU.ActiveCfg = Debug|Any CPU
		{2E0CF0DC-E6E4-4928-ABA3-E3300CEEAE91}.Debug|Any CPU.Build.0 = Debug|Any CPU
		{2E0CF0DC-E6E4-4928-ABA3-E3300CEEAE91}.Debug|ARM.ActiveCfg = Debug|Any CPU
		{2E0CF0DC-E6E4-4928-ABA3-E3300CEEAE91}.Debug|Mixed Platforms.ActiveCfg = Debug|Any CPU
		{2E0CF0DC-E6E4-4928-ABA3-E3300CEEAE91}.Debug|Mixed Platforms.Build.0 = Debug|Any CPU
		{2E0CF0DC-E6E4-4928-ABA3-E3300CEEAE91}.Debug|x64.ActiveCfg = Debug|Any CPU
		{2E0CF0DC-E6E4-4928-ABA3-E3300CEEAE91}.Debug|x86.ActiveCfg = Debug|Any CPU
		{2E0CF0DC-E6E4-4928-ABA3-E3300CEEAE91}.Release|Any CPU.ActiveCfg = Release|Any CPU
		{2E0CF0DC-E6E4-4928-ABA3-E3300CEEAE91}.Release|Any CPU.Build.0 = Release|Any CPU
		{2E0CF0DC-E6E4-4928-ABA3-E3300CEEAE91}.Release|ARM.ActiveCfg = Release|Any CPU
		{2E0CF0DC-E6E4-4928-ABA3-E3300CEEAE91}.Release|Mixed Platforms.ActiveCfg = Release|Any CPU
		{2E0CF0DC-E6E4-4928-ABA3-E3300CEEAE91}.Release|Mixed Platforms.Build.0 = Release|Any CPU
		{2E0CF0DC-E6E4-4928-ABA3-E3300CEEAE91}.Release|x64.ActiveCfg = Release|Any CPU
		{2E0CF0DC-E6E4-4928-ABA3-E3300CEEAE91}.Release|x86.ActiveCfg = Release|Any CPU
		{0220B607-1686-4D4A-AEF0-292EA9827531}.Debug|Any CPU.ActiveCfg = Debug|Any CPU
		{0220B607-1686-4D4A-AEF0-292EA9827531}.Debug|Any CPU.Build.0 = Debug|Any CPU
		{0220B607-1686-4D4A-AEF0-292EA9827531}.Debug|ARM.ActiveCfg = Debug|Any CPU
		{0220B607-1686-4D4A-AEF0-292EA9827531}.Debug|Mixed Platforms.ActiveCfg = Debug|Any CPU
		{0220B607-1686-4D4A-AEF0-292EA9827531}.Debug|Mixed Platforms.Build.0 = Debug|Any CPU
		{0220B607-1686-4D4A-AEF0-292EA9827531}.Debug|x64.ActiveCfg = Debug|Any CPU
		{0220B607-1686-4D4A-AEF0-292EA9827531}.Debug|x86.ActiveCfg = Debug|Any CPU
		{0220B607-1686-4D4A-AEF0-292EA9827531}.Release|Any CPU.ActiveCfg = Release|Any CPU
		{0220B607-1686-4D4A-AEF0-292EA9827531}.Release|Any CPU.Build.0 = Release|Any CPU
		{0220B607-1686-4D4A-AEF0-292EA9827531}.Release|ARM.ActiveCfg = Release|Any CPU
		{0220B607-1686-4D4A-AEF0-292EA9827531}.Release|Mixed Platforms.ActiveCfg = Release|Any CPU
		{0220B607-1686-4D4A-AEF0-292EA9827531}.Release|Mixed Platforms.Build.0 = Release|Any CPU
		{0220B607-1686-4D4A-AEF0-292EA9827531}.Release|x64.ActiveCfg = Release|Any CPU
		{0220B607-1686-4D4A-AEF0-292EA9827531}.Release|x86.ActiveCfg = Release|Any CPU
		{12D04172-2A5A-420D-A29B-026DB62C3B72}.Debug|Any CPU.ActiveCfg = Debug|Any CPU
		{12D04172-2A5A-420D-A29B-026DB62C3B72}.Debug|Any CPU.Build.0 = Debug|Any CPU
		{12D04172-2A5A-420D-A29B-026DB62C3B72}.Debug|ARM.ActiveCfg = Debug|ARM
		{12D04172-2A5A-420D-A29B-026DB62C3B72}.Debug|ARM.Build.0 = Debug|ARM
		{12D04172-2A5A-420D-A29B-026DB62C3B72}.Debug|Mixed Platforms.ActiveCfg = Debug|x86
		{12D04172-2A5A-420D-A29B-026DB62C3B72}.Debug|Mixed Platforms.Build.0 = Debug|x86
		{12D04172-2A5A-420D-A29B-026DB62C3B72}.Debug|x64.ActiveCfg = Debug|Any CPU
		{12D04172-2A5A-420D-A29B-026DB62C3B72}.Debug|x86.ActiveCfg = Debug|x86
		{12D04172-2A5A-420D-A29B-026DB62C3B72}.Debug|x86.Build.0 = Debug|x86
		{12D04172-2A5A-420D-A29B-026DB62C3B72}.Release|Any CPU.ActiveCfg = Release|Any CPU
		{12D04172-2A5A-420D-A29B-026DB62C3B72}.Release|Any CPU.Build.0 = Release|Any CPU
		{12D04172-2A5A-420D-A29B-026DB62C3B72}.Release|ARM.ActiveCfg = Release|ARM
		{12D04172-2A5A-420D-A29B-026DB62C3B72}.Release|ARM.Build.0 = Release|ARM
		{12D04172-2A5A-420D-A29B-026DB62C3B72}.Release|Mixed Platforms.ActiveCfg = Release|x86
		{12D04172-2A5A-420D-A29B-026DB62C3B72}.Release|Mixed Platforms.Build.0 = Release|x86
		{12D04172-2A5A-420D-A29B-026DB62C3B72}.Release|x64.ActiveCfg = Release|Any CPU
		{12D04172-2A5A-420D-A29B-026DB62C3B72}.Release|x86.ActiveCfg = Release|x86
		{12D04172-2A5A-420D-A29B-026DB62C3B72}.Release|x86.Build.0 = Release|x86
		{2117F295-6451-4447-A646-614B2D8352EF}.Debug|Any CPU.ActiveCfg = Debug|Any CPU
		{2117F295-6451-4447-A646-614B2D8352EF}.Debug|Any CPU.Build.0 = Debug|Any CPU
		{2117F295-6451-4447-A646-614B2D8352EF}.Debug|Any CPU.Deploy.0 = Debug|Any CPU
		{2117F295-6451-4447-A646-614B2D8352EF}.Debug|ARM.ActiveCfg = Debug|ARM
		{2117F295-6451-4447-A646-614B2D8352EF}.Debug|ARM.Build.0 = Debug|ARM
		{2117F295-6451-4447-A646-614B2D8352EF}.Debug|ARM.Deploy.0 = Debug|ARM
		{2117F295-6451-4447-A646-614B2D8352EF}.Debug|Mixed Platforms.ActiveCfg = Debug|x86
		{2117F295-6451-4447-A646-614B2D8352EF}.Debug|Mixed Platforms.Build.0 = Debug|x86
		{2117F295-6451-4447-A646-614B2D8352EF}.Debug|Mixed Platforms.Deploy.0 = Debug|x86
		{2117F295-6451-4447-A646-614B2D8352EF}.Debug|x64.ActiveCfg = Debug|Any CPU
		{2117F295-6451-4447-A646-614B2D8352EF}.Debug|x86.ActiveCfg = Debug|x86
		{2117F295-6451-4447-A646-614B2D8352EF}.Debug|x86.Build.0 = Debug|x86
		{2117F295-6451-4447-A646-614B2D8352EF}.Debug|x86.Deploy.0 = Debug|x86
		{2117F295-6451-4447-A646-614B2D8352EF}.Release|Any CPU.ActiveCfg = Release|Any CPU
		{2117F295-6451-4447-A646-614B2D8352EF}.Release|Any CPU.Build.0 = Release|Any CPU
		{2117F295-6451-4447-A646-614B2D8352EF}.Release|Any CPU.Deploy.0 = Release|Any CPU
		{2117F295-6451-4447-A646-614B2D8352EF}.Release|ARM.ActiveCfg = Release|ARM
		{2117F295-6451-4447-A646-614B2D8352EF}.Release|ARM.Build.0 = Release|ARM
		{2117F295-6451-4447-A646-614B2D8352EF}.Release|ARM.Deploy.0 = Release|ARM
		{2117F295-6451-4447-A646-614B2D8352EF}.Release|Mixed Platforms.ActiveCfg = Release|x86
		{2117F295-6451-4447-A646-614B2D8352EF}.Release|Mixed Platforms.Build.0 = Release|x86
		{2117F295-6451-4447-A646-614B2D8352EF}.Release|Mixed Platforms.Deploy.0 = Release|x86
		{2117F295-6451-4447-A646-614B2D8352EF}.Release|x64.ActiveCfg = Release|Any CPU
		{2117F295-6451-4447-A646-614B2D8352EF}.Release|x86.ActiveCfg = Release|x86
		{2117F295-6451-4447-A646-614B2D8352EF}.Release|x86.Build.0 = Release|x86
		{2117F295-6451-4447-A646-614B2D8352EF}.Release|x86.Deploy.0 = Release|x86
		{0D2276D4-E912-46A4-8A06-59C4B8A537FC}.Debug|Any CPU.ActiveCfg = Debug|Any CPU
		{0D2276D4-E912-46A4-8A06-59C4B8A537FC}.Debug|Any CPU.Build.0 = Debug|Any CPU
		{0D2276D4-E912-46A4-8A06-59C4B8A537FC}.Debug|ARM.ActiveCfg = Debug|ARM
		{0D2276D4-E912-46A4-8A06-59C4B8A537FC}.Debug|ARM.Build.0 = Debug|ARM
		{0D2276D4-E912-46A4-8A06-59C4B8A537FC}.Debug|Mixed Platforms.ActiveCfg = Debug|x86
		{0D2276D4-E912-46A4-8A06-59C4B8A537FC}.Debug|Mixed Platforms.Build.0 = Debug|x86
		{0D2276D4-E912-46A4-8A06-59C4B8A537FC}.Debug|x64.ActiveCfg = Debug|x64
		{0D2276D4-E912-46A4-8A06-59C4B8A537FC}.Debug|x64.Build.0 = Debug|x64
		{0D2276D4-E912-46A4-8A06-59C4B8A537FC}.Debug|x86.ActiveCfg = Debug|x86
		{0D2276D4-E912-46A4-8A06-59C4B8A537FC}.Debug|x86.Build.0 = Debug|x86
		{0D2276D4-E912-46A4-8A06-59C4B8A537FC}.Release|Any CPU.ActiveCfg = Release|Any CPU
		{0D2276D4-E912-46A4-8A06-59C4B8A537FC}.Release|Any CPU.Build.0 = Release|Any CPU
		{0D2276D4-E912-46A4-8A06-59C4B8A537FC}.Release|ARM.ActiveCfg = Release|ARM
		{0D2276D4-E912-46A4-8A06-59C4B8A537FC}.Release|ARM.Build.0 = Release|ARM
		{0D2276D4-E912-46A4-8A06-59C4B8A537FC}.Release|Mixed Platforms.ActiveCfg = Release|x86
		{0D2276D4-E912-46A4-8A06-59C4B8A537FC}.Release|Mixed Platforms.Build.0 = Release|x86
		{0D2276D4-E912-46A4-8A06-59C4B8A537FC}.Release|x64.ActiveCfg = Release|x64
		{0D2276D4-E912-46A4-8A06-59C4B8A537FC}.Release|x64.Build.0 = Release|x64
		{0D2276D4-E912-46A4-8A06-59C4B8A537FC}.Release|x86.ActiveCfg = Release|x86
		{0D2276D4-E912-46A4-8A06-59C4B8A537FC}.Release|x86.Build.0 = Release|x86
		{C225EB2E-E7A7-463F-B058-1705F204978E}.Debug|Any CPU.ActiveCfg = Debug|Any CPU
		{C225EB2E-E7A7-463F-B058-1705F204978E}.Debug|Any CPU.Build.0 = Debug|Any CPU
		{C225EB2E-E7A7-463F-B058-1705F204978E}.Debug|ARM.ActiveCfg = Debug|Any CPU
		{C225EB2E-E7A7-463F-B058-1705F204978E}.Debug|Mixed Platforms.ActiveCfg = Debug|Any CPU
		{C225EB2E-E7A7-463F-B058-1705F204978E}.Debug|Mixed Platforms.Build.0 = Debug|Any CPU
		{C225EB2E-E7A7-463F-B058-1705F204978E}.Debug|x64.ActiveCfg = Debug|Any CPU
		{C225EB2E-E7A7-463F-B058-1705F204978E}.Debug|x86.ActiveCfg = Debug|Any CPU
		{C225EB2E-E7A7-463F-B058-1705F204978E}.Release|Any CPU.ActiveCfg = Release|Any CPU
		{C225EB2E-E7A7-463F-B058-1705F204978E}.Release|Any CPU.Build.0 = Release|Any CPU
		{C225EB2E-E7A7-463F-B058-1705F204978E}.Release|ARM.ActiveCfg = Release|Any CPU
		{C225EB2E-E7A7-463F-B058-1705F204978E}.Release|Mixed Platforms.ActiveCfg = Release|Any CPU
		{C225EB2E-E7A7-463F-B058-1705F204978E}.Release|Mixed Platforms.Build.0 = Release|Any CPU
		{C225EB2E-E7A7-463F-B058-1705F204978E}.Release|x64.ActiveCfg = Release|Any CPU
		{C225EB2E-E7A7-463F-B058-1705F204978E}.Release|x86.ActiveCfg = Release|Any CPU
		{5D69B6BE-062B-408D-913E-5CD2F21D5D17}.Debug|Any CPU.ActiveCfg = Debug|Any CPU
		{5D69B6BE-062B-408D-913E-5CD2F21D5D17}.Debug|Any CPU.Build.0 = Debug|Any CPU
		{5D69B6BE-062B-408D-913E-5CD2F21D5D17}.Debug|ARM.ActiveCfg = Debug|Any CPU
		{5D69B6BE-062B-408D-913E-5CD2F21D5D17}.Debug|Mixed Platforms.ActiveCfg = Debug|Any CPU
		{5D69B6BE-062B-408D-913E-5CD2F21D5D17}.Debug|Mixed Platforms.Build.0 = Debug|Any CPU
		{5D69B6BE-062B-408D-913E-5CD2F21D5D17}.Debug|x64.ActiveCfg = Debug|Any CPU
		{5D69B6BE-062B-408D-913E-5CD2F21D5D17}.Debug|x86.ActiveCfg = Debug|Any CPU
		{5D69B6BE-062B-408D-913E-5CD2F21D5D17}.Release|Any CPU.ActiveCfg = Release|Any CPU
		{5D69B6BE-062B-408D-913E-5CD2F21D5D17}.Release|Any CPU.Build.0 = Release|Any CPU
		{5D69B6BE-062B-408D-913E-5CD2F21D5D17}.Release|ARM.ActiveCfg = Release|Any CPU
		{5D69B6BE-062B-408D-913E-5CD2F21D5D17}.Release|Mixed Platforms.ActiveCfg = Release|Any CPU
		{5D69B6BE-062B-408D-913E-5CD2F21D5D17}.Release|Mixed Platforms.Build.0 = Release|Any CPU
		{5D69B6BE-062B-408D-913E-5CD2F21D5D17}.Release|x64.ActiveCfg = Release|Any CPU
		{5D69B6BE-062B-408D-913E-5CD2F21D5D17}.Release|x86.ActiveCfg = Release|Any CPU
		{F18A8896-10BD-469E-9AA1-AEBACEF4D7B7}.Debug|Any CPU.ActiveCfg = Debug|Any CPU
		{F18A8896-10BD-469E-9AA1-AEBACEF4D7B7}.Debug|Any CPU.Build.0 = Debug|Any CPU
		{F18A8896-10BD-469E-9AA1-AEBACEF4D7B7}.Debug|ARM.ActiveCfg = Debug|Any CPU
		{F18A8896-10BD-469E-9AA1-AEBACEF4D7B7}.Debug|Mixed Platforms.ActiveCfg = Debug|Any CPU
		{F18A8896-10BD-469E-9AA1-AEBACEF4D7B7}.Debug|Mixed Platforms.Build.0 = Debug|Any CPU
		{F18A8896-10BD-469E-9AA1-AEBACEF4D7B7}.Debug|x64.ActiveCfg = Debug|Any CPU
		{F18A8896-10BD-469E-9AA1-AEBACEF4D7B7}.Debug|x86.ActiveCfg = Debug|Any CPU
		{F18A8896-10BD-469E-9AA1-AEBACEF4D7B7}.Release|Any CPU.ActiveCfg = Release|Any CPU
		{F18A8896-10BD-469E-9AA1-AEBACEF4D7B7}.Release|Any CPU.Build.0 = Release|Any CPU
		{F18A8896-10BD-469E-9AA1-AEBACEF4D7B7}.Release|ARM.ActiveCfg = Release|Any CPU
		{F18A8896-10BD-469E-9AA1-AEBACEF4D7B7}.Release|Mixed Platforms.ActiveCfg = Release|Any CPU
		{F18A8896-10BD-469E-9AA1-AEBACEF4D7B7}.Release|Mixed Platforms.Build.0 = Release|Any CPU
		{F18A8896-10BD-469E-9AA1-AEBACEF4D7B7}.Release|x64.ActiveCfg = Release|Any CPU
		{F18A8896-10BD-469E-9AA1-AEBACEF4D7B7}.Release|x86.ActiveCfg = Release|Any CPU
	EndGlobalSection
	GlobalSection(SolutionProperties) = preSolution
		HideSolutionNode = FALSE
	EndGlobalSection
	GlobalSection(NestedProjects) = preSolution
		{FBA09237-84CC-4383-BD12-CDF58E4020E8} = {505538C3-B34D-4B43-BDE6-C6E974AB03A6}
		{E965290E-278C-4B4D-8AE4-404976433BC3} = {505538C3-B34D-4B43-BDE6-C6E974AB03A6}
		{819038AC-6770-48DB-B9FA-F1245C87C341} = {505538C3-B34D-4B43-BDE6-C6E974AB03A6}
		{F18A8896-10BD-469E-9AA1-AEBACEF4D7B7} = {505538C3-B34D-4B43-BDE6-C6E974AB03A6}
		{1EA34A62-E03E-45CF-A9C9-82D2DA0FCD82} = {7E3D992A-8F37-4C5D-AD42-E052522816C5}
		{E0223FDC-0982-4D80-B6C2-BFAA6C6748C5} = {7E3D992A-8F37-4C5D-AD42-E052522816C5}
		{B94E0027-2664-4DAC-BA32-7AA12BFCEE10} = {7E3D992A-8F37-4C5D-AD42-E052522816C5}
		{2117F295-6451-4447-A646-614B2D8352EF} = {7E3D992A-8F37-4C5D-AD42-E052522816C5}
		{5D69B6BE-062B-408D-913E-5CD2F21D5D17} = {7E3D992A-8F37-4C5D-AD42-E052522816C5}
		{E31826E6-C29A-4F08-BD4F-E17ACA793BBC} = {4DFA135C-CB60-497D-8868-A81AEB84D30B}
		{9F0C72D8-E43F-4F01-9DEB-9E8FE0AE179E} = {4DFA135C-CB60-497D-8868-A81AEB84D30B}
		{452C45C7-57A5-4161-BF7D-C1CD5AD4BB84} = {4DFA135C-CB60-497D-8868-A81AEB84D30B}
		{9F0C72D8-E43F-4F01-9DEB-919191911919} = {4DFA135C-CB60-497D-8868-A81AEB84D30B}
		{C225EB2E-E7A7-463F-B058-1705F204978E} = {4DFA135C-CB60-497D-8868-A81AEB84D30B}
	EndGlobalSection
EndGlobal
