
Microsoft Visual Studio Solution File, Format Version 11.00
# Visual Studio 2010
Project("{FAE04EC0-301F-11D3-BF4B-00C04F79EFBC}") = "SignalR", "SignalR\SignalR.csproj", "{1B9A82C4-BCA1-4834-A33E-226F17BE070B}"
EndProject
Project("{FAE04EC0-301F-11D3-BF4B-00C04F79EFBC}") = "SignalR.Client", "SignalR.Client\SignalR.Client.csproj", "{EB46B9C6-EE37-48F9-835E-E49580E40E0A}"
EndProject
Project("{2150E333-8FDC-42A3-9474-1A3956D46DE8}") = "Build", "Build", "{1E4BA77C-4977-40AA-B297-3A2CB9990ABF}"
	ProjectSection(SolutionItems) = preProject
		Build\Build.proj = Build\Build.proj
		ReleaseNotes.md = ReleaseNotes.md
	EndProjectSection
EndProject
Project("{FAE04EC0-301F-11D3-BF4B-00C04F79EFBC}") = "SignalR.Client.WP7", "SignalR.Client.WP7\SignalR.Client.WP7.csproj", "{2D23C742-9886-4079-A70F-05C7E4401969}"
	ProjectSection(ProjectDependencies) = postProject
		{1B2BD09D-ECFF-427F-BA58-C59A01EE6A2C} = {1B2BD09D-ECFF-427F-BA58-C59A01EE6A2C}
	EndProjectSection
EndProject
Project("{FAE04EC0-301F-11D3-BF4B-00C04F79EFBC}") = "SignalR.Client.WP71", "SignalR.Client.WP71\SignalR.Client.WP71.csproj", "{1B2BD09D-ECFF-427F-BA58-C59A01EE6A2C}"
EndProject
Project("{FAE04EC0-301F-11D3-BF4B-00C04F79EFBC}") = "SignalR.Client.WP7.Sample", "samples\SignalR.Client.WP7.Sample\SignalR.Client.WP7.Sample.csproj", "{E059F6F3-E9D5-4113-AF2B-C2D19CE7FAFF}"
EndProject
Project("{FAE04EC0-301F-11D3-BF4B-00C04F79EFBC}") = "SignalR.Hosting.AspNet", "SignalR.Hosting.AspNet\SignalR.Hosting.AspNet.csproj", "{0E513AE2-BEA8-40CF-B9F2-102B351F2FB2}"
EndProject
Project("{FAE04EC0-301F-11D3-BF4B-00C04F79EFBC}") = "SignalR.Hosting.AspNet.Samples", "samples\SignalR.Hosting.AspNet.Samples\SignalR.Hosting.AspNet.Samples.csproj", "{1EA34A62-E03E-45CF-A9C9-82D2DA0FCD82}"
EndProject
Global
	GlobalSection(SolutionConfigurationPlatforms) = preSolution
		Debug|Any CPU = Debug|Any CPU
		Debug|Mixed Platforms = Debug|Mixed Platforms
		Debug|x86 = Debug|x86
		Release|Any CPU = Release|Any CPU
		Release|Mixed Platforms = Release|Mixed Platforms
		Release|x86 = Release|x86
	EndGlobalSection
	GlobalSection(ProjectConfigurationPlatforms) = postSolution
		{1B9A82C4-BCA1-4834-A33E-226F17BE070B}.Debug|Any CPU.ActiveCfg = Debug|Any CPU
		{1B9A82C4-BCA1-4834-A33E-226F17BE070B}.Debug|Any CPU.Build.0 = Debug|Any CPU
		{1B9A82C4-BCA1-4834-A33E-226F17BE070B}.Debug|Mixed Platforms.ActiveCfg = Debug|Any CPU
		{1B9A82C4-BCA1-4834-A33E-226F17BE070B}.Debug|Mixed Platforms.Build.0 = Debug|Any CPU
		{1B9A82C4-BCA1-4834-A33E-226F17BE070B}.Debug|x86.ActiveCfg = Debug|Any CPU
		{1B9A82C4-BCA1-4834-A33E-226F17BE070B}.Release|Any CPU.ActiveCfg = Release|Any CPU
		{1B9A82C4-BCA1-4834-A33E-226F17BE070B}.Release|Any CPU.Build.0 = Release|Any CPU
		{1B9A82C4-BCA1-4834-A33E-226F17BE070B}.Release|Mixed Platforms.ActiveCfg = Release|Any CPU
		{1B9A82C4-BCA1-4834-A33E-226F17BE070B}.Release|Mixed Platforms.Build.0 = Release|Any CPU
		{1B9A82C4-BCA1-4834-A33E-226F17BE070B}.Release|x86.ActiveCfg = Release|Any CPU
		{EB46B9C6-EE37-48F9-835E-E49580E40E0A}.Debug|Any CPU.ActiveCfg = Debug|Any CPU
		{EB46B9C6-EE37-48F9-835E-E49580E40E0A}.Debug|Any CPU.Build.0 = Debug|Any CPU
		{EB46B9C6-EE37-48F9-835E-E49580E40E0A}.Debug|Mixed Platforms.ActiveCfg = Debug|Any CPU
		{EB46B9C6-EE37-48F9-835E-E49580E40E0A}.Debug|Mixed Platforms.Build.0 = Debug|Any CPU
		{EB46B9C6-EE37-48F9-835E-E49580E40E0A}.Debug|x86.ActiveCfg = Debug|Any CPU
		{EB46B9C6-EE37-48F9-835E-E49580E40E0A}.Release|Any CPU.ActiveCfg = Release|Any CPU
		{EB46B9C6-EE37-48F9-835E-E49580E40E0A}.Release|Any CPU.Build.0 = Release|Any CPU
		{EB46B9C6-EE37-48F9-835E-E49580E40E0A}.Release|Mixed Platforms.ActiveCfg = Release|Any CPU
		{EB46B9C6-EE37-48F9-835E-E49580E40E0A}.Release|Mixed Platforms.Build.0 = Release|Any CPU
		{EB46B9C6-EE37-48F9-835E-E49580E40E0A}.Release|x86.ActiveCfg = Release|Any CPU
		{2D23C742-9886-4079-A70F-05C7E4401969}.Debug|Any CPU.ActiveCfg = Debug|Any CPU
		{2D23C742-9886-4079-A70F-05C7E4401969}.Debug|Any CPU.Build.0 = Debug|Any CPU
		{2D23C742-9886-4079-A70F-05C7E4401969}.Debug|Mixed Platforms.ActiveCfg = Debug|Any CPU
		{2D23C742-9886-4079-A70F-05C7E4401969}.Debug|Mixed Platforms.Build.0 = Debug|Any CPU
		{2D23C742-9886-4079-A70F-05C7E4401969}.Debug|x86.ActiveCfg = Debug|Any CPU
		{2D23C742-9886-4079-A70F-05C7E4401969}.Release|Any CPU.ActiveCfg = Release|Any CPU
		{2D23C742-9886-4079-A70F-05C7E4401969}.Release|Any CPU.Build.0 = Release|Any CPU
		{2D23C742-9886-4079-A70F-05C7E4401969}.Release|Mixed Platforms.ActiveCfg = Release|Any CPU
		{2D23C742-9886-4079-A70F-05C7E4401969}.Release|Mixed Platforms.Build.0 = Release|Any CPU
		{2D23C742-9886-4079-A70F-05C7E4401969}.Release|x86.ActiveCfg = Release|Any CPU
		{1B2BD09D-ECFF-427F-BA58-C59A01EE6A2C}.Debug|Any CPU.ActiveCfg = Debug|Any CPU
		{1B2BD09D-ECFF-427F-BA58-C59A01EE6A2C}.Debug|Any CPU.Build.0 = Debug|Any CPU
		{1B2BD09D-ECFF-427F-BA58-C59A01EE6A2C}.Debug|Mixed Platforms.ActiveCfg = Debug|Any CPU
		{1B2BD09D-ECFF-427F-BA58-C59A01EE6A2C}.Debug|Mixed Platforms.Build.0 = Debug|Any CPU
		{1B2BD09D-ECFF-427F-BA58-C59A01EE6A2C}.Debug|x86.ActiveCfg = Debug|Any CPU
		{1B2BD09D-ECFF-427F-BA58-C59A01EE6A2C}.Release|Any CPU.ActiveCfg = Release|Any CPU
		{1B2BD09D-ECFF-427F-BA58-C59A01EE6A2C}.Release|Any CPU.Build.0 = Release|Any CPU
		{1B2BD09D-ECFF-427F-BA58-C59A01EE6A2C}.Release|Mixed Platforms.ActiveCfg = Release|Any CPU
		{1B2BD09D-ECFF-427F-BA58-C59A01EE6A2C}.Release|Mixed Platforms.Build.0 = Release|Any CPU
		{1B2BD09D-ECFF-427F-BA58-C59A01EE6A2C}.Release|x86.ActiveCfg = Release|Any CPU
		{E059F6F3-E9D5-4113-AF2B-C2D19CE7FAFF}.Debug|Any CPU.ActiveCfg = Debug|Any CPU
		{E059F6F3-E9D5-4113-AF2B-C2D19CE7FAFF}.Debug|Any CPU.Build.0 = Debug|Any CPU
		{E059F6F3-E9D5-4113-AF2B-C2D19CE7FAFF}.Debug|Any CPU.Deploy.0 = Debug|Any CPU
		{E059F6F3-E9D5-4113-AF2B-C2D19CE7FAFF}.Debug|Mixed Platforms.ActiveCfg = Debug|Any CPU
		{E059F6F3-E9D5-4113-AF2B-C2D19CE7FAFF}.Debug|Mixed Platforms.Build.0 = Debug|Any CPU
		{E059F6F3-E9D5-4113-AF2B-C2D19CE7FAFF}.Debug|Mixed Platforms.Deploy.0 = Debug|Any CPU
		{E059F6F3-E9D5-4113-AF2B-C2D19CE7FAFF}.Debug|x86.ActiveCfg = Debug|Any CPU
		{E059F6F3-E9D5-4113-AF2B-C2D19CE7FAFF}.Release|Any CPU.ActiveCfg = Release|Any CPU
		{E059F6F3-E9D5-4113-AF2B-C2D19CE7FAFF}.Release|Any CPU.Build.0 = Release|Any CPU
		{E059F6F3-E9D5-4113-AF2B-C2D19CE7FAFF}.Release|Any CPU.Deploy.0 = Release|Any CPU
		{E059F6F3-E9D5-4113-AF2B-C2D19CE7FAFF}.Release|Mixed Platforms.ActiveCfg = Release|Any CPU
		{E059F6F3-E9D5-4113-AF2B-C2D19CE7FAFF}.Release|Mixed Platforms.Build.0 = Release|Any CPU
		{E059F6F3-E9D5-4113-AF2B-C2D19CE7FAFF}.Release|Mixed Platforms.Deploy.0 = Release|Any CPU
		{E059F6F3-E9D5-4113-AF2B-C2D19CE7FAFF}.Release|x86.ActiveCfg = Release|Any CPU
		{0E513AE2-BEA8-40CF-B9F2-102B351F2FB2}.Debug|Any CPU.ActiveCfg = Debug|Any CPU
		{0E513AE2-BEA8-40CF-B9F2-102B351F2FB2}.Debug|Any CPU.Build.0 = Debug|Any CPU
		{0E513AE2-BEA8-40CF-B9F2-102B351F2FB2}.Debug|Mixed Platforms.ActiveCfg = Debug|Any CPU
		{0E513AE2-BEA8-40CF-B9F2-102B351F2FB2}.Debug|Mixed Platforms.Build.0 = Debug|Any CPU
		{0E513AE2-BEA8-40CF-B9F2-102B351F2FB2}.Debug|x86.ActiveCfg = Debug|Any CPU
		{0E513AE2-BEA8-40CF-B9F2-102B351F2FB2}.Release|Any CPU.ActiveCfg = Release|Any CPU
		{0E513AE2-BEA8-40CF-B9F2-102B351F2FB2}.Release|Any CPU.Build.0 = Release|Any CPU
		{0E513AE2-BEA8-40CF-B9F2-102B351F2FB2}.Release|Mixed Platforms.ActiveCfg = Release|Any CPU
		{0E513AE2-BEA8-40CF-B9F2-102B351F2FB2}.Release|Mixed Platforms.Build.0 = Release|Any CPU
		{0E513AE2-BEA8-40CF-B9F2-102B351F2FB2}.Release|x86.ActiveCfg = Release|Any CPU
		{1EA34A62-E03E-45CF-A9C9-82D2DA0FCD82}.Debug|Any CPU.ActiveCfg = Debug|Any CPU
		{1EA34A62-E03E-45CF-A9C9-82D2DA0FCD82}.Debug|Any CPU.Build.0 = Debug|Any CPU
		{1EA34A62-E03E-45CF-A9C9-82D2DA0FCD82}.Debug|Mixed Platforms.ActiveCfg = Debug|Any CPU
		{1EA34A62-E03E-45CF-A9C9-82D2DA0FCD82}.Debug|Mixed Platforms.Build.0 = Debug|Any CPU
		{1EA34A62-E03E-45CF-A9C9-82D2DA0FCD82}.Debug|x86.ActiveCfg = Debug|Any CPU
		{1EA34A62-E03E-45CF-A9C9-82D2DA0FCD82}.Release|Any CPU.ActiveCfg = Release|Any CPU
		{1EA34A62-E03E-45CF-A9C9-82D2DA0FCD82}.Release|Any CPU.Build.0 = Release|Any CPU
		{1EA34A62-E03E-45CF-A9C9-82D2DA0FCD82}.Release|Mixed Platforms.ActiveCfg = Release|Any CPU
		{1EA34A62-E03E-45CF-A9C9-82D2DA0FCD82}.Release|Mixed Platforms.Build.0 = Release|Any CPU
		{1EA34A62-E03E-45CF-A9C9-82D2DA0FCD82}.Release|x86.ActiveCfg = Release|Any CPU
	EndGlobalSection
	GlobalSection(SolutionProperties) = preSolution
		HideSolutionNode = FALSE
	EndGlobalSection
EndGlobal
