
Microsoft Visual Studio Solution File, Format Version 11.00
# Visual Studio 2010
Project("{FAE04EC0-301F-11D3-BF4B-00C04F79EFBC}") = "SignalR", "SignalR\SignalR.csproj", "{1B9A82C4-BCA1-4834-A33E-226F17BE070B}"
EndProject
Project("{FAE04EC0-301F-11D3-BF4B-00C04F79EFBC}") = "SignalR.Client", "SignalR.Client\SignalR.Client.csproj", "{EB46B9C6-EE37-48F9-835E-E49580E40E0A}"
EndProject
Project("{2150E333-8FDC-42A3-9474-1A3956D46DE8}") = "Build", "Build", "{1E4BA77C-4977-40AA-B297-3A2CB9990ABF}"
	ProjectSection(SolutionItems) = preProject
		Build\Build.proj = Build\Build.proj
		ReleaseNotes.md = ReleaseNotes.md
	EndProjectSection
EndProject
Project("{FAE04EC0-301F-11D3-BF4B-00C04F79EFBC}") = "SignalR.Client.Silverlight", "SignalR.Client.Silverlight\SignalR.Client.Silverlight.csproj", "{C55F7A30-5F93-4837-A13A-8DA06C8A2A3C}"
EndProject
Project("{FAE04EC0-301F-11D3-BF4B-00C04F79EFBC}") = "SignalR.Client.Silverlight5", "SignalR.Client.Silverlight5\SignalR.Client.Silverlight5.csproj", "{0220B607-1686-4D4A-AEF0-292EA9827531}"
EndProject
Global
	GlobalSection(SolutionConfigurationPlatforms) = preSolution
		Debug|Any CPU = Debug|Any CPU
		Release|Any CPU = Release|Any CPU
	EndGlobalSection
	GlobalSection(ProjectConfigurationPlatforms) = postSolution
		{1B9A82C4-BCA1-4834-A33E-226F17BE070B}.Debug|Any CPU.ActiveCfg = Debug|Any CPU
		{1B9A82C4-BCA1-4834-A33E-226F17BE070B}.Debug|Any CPU.Build.0 = Debug|Any CPU
		{1B9A82C4-BCA1-4834-A33E-226F17BE070B}.Release|Any CPU.ActiveCfg = Release|Any CPU
		{1B9A82C4-BCA1-4834-A33E-226F17BE070B}.Release|Any CPU.Build.0 = Release|Any CPU
		{EB46B9C6-EE37-48F9-835E-E49580E40E0A}.Debug|Any CPU.ActiveCfg = Debug|Any CPU
		{EB46B9C6-EE37-48F9-835E-E49580E40E0A}.Debug|Any CPU.Build.0 = Debug|Any CPU
		{EB46B9C6-EE37-48F9-835E-E49580E40E0A}.Release|Any CPU.ActiveCfg = Release|Any CPU
		{EB46B9C6-EE37-48F9-835E-E49580E40E0A}.Release|Any CPU.Build.0 = Release|Any CPU
		{C55F7A30-5F93-4837-A13A-8DA06C8A2A3C}.Debug|Any CPU.ActiveCfg = Debug|Any CPU
		{C55F7A30-5F93-4837-A13A-8DA06C8A2A3C}.Debug|Any CPU.Build.0 = Debug|Any CPU
		{C55F7A30-5F93-4837-A13A-8DA06C8A2A3C}.Release|Any CPU.ActiveCfg = Release|Any CPU
		{C55F7A30-5F93-4837-A13A-8DA06C8A2A3C}.Release|Any CPU.Build.0 = Release|Any CPU
		{0220B607-1686-4D4A-AEF0-292EA9827531}.Debug|Any CPU.ActiveCfg = Debug|Any CPU
		{0220B607-1686-4D4A-AEF0-292EA9827531}.Debug|Any CPU.Build.0 = Debug|Any CPU
		{0220B607-1686-4D4A-AEF0-292EA9827531}.Release|Any CPU.ActiveCfg = Release|Any CPU
		{0220B607-1686-4D4A-AEF0-292EA9827531}.Release|Any CPU.Build.0 = Release|Any CPU
	EndGlobalSection
	GlobalSection(SolutionProperties) = preSolution
		HideSolutionNode = FALSE
	EndGlobalSection
EndGlobal
