
Microsoft Visual Studio Solution File, Format Version 12.00
# Visual Studio 2012
Project("{FAE04EC0-301F-11D3-BF4B-00C04F79EFBC}") = "SignalR.Hosting.AspNet45", "SignalR.Hosting.AspNet45\SignalR.Hosting.AspNet45.csproj", "{6F53F576-0E35-4E89-8D4D-B6B40084A16C}"
EndProject
Project("{FAE04EC0-301F-11D3-BF4B-00C04F79EFBC}") = "SignalR", "SignalR\SignalR.csproj", "{1B9A82C4-BCA1-4834-A33E-226F17BE070B}"
EndProject
Project("{FAE04EC0-301F-11D3-BF4B-00C04F79EFBC}") = "SignalR.Hosting.Common", "SignalR.Hosting.Common\SignalR.Hosting.Common.csproj", "{3B71F0AE-D4B6-4F47-BF62-333D45615673}"
EndProject
Project("{2150E333-8FDC-42A3-9474-1A3956D46DE8}") = "samples", "samples", "{A7D75EA8-1439-4D57-9B88-EC60842B5FB3}"
EndProject
Project("{FAE04EC0-301F-11D3-BF4B-00C04F79EFBC}") = "SignalR.Hosting.AspNet.Samples", "samples\SignalR.Hosting.AspNet45.Samples\SignalR.Hosting.AspNet.Samples.csproj", "{1EA34A62-E03E-45CF-A9C9-82D2DA0FCD82}"
	ProjectSection(ProjectDependencies) = postProject
		{69771AF9-1BEE-48E6-98BC-78864231E239} = {69771AF9-1BEE-48E6-98BC-78864231E239}
	EndProjectSection
EndProject
Project("{FAE04EC0-301F-11D3-BF4B-00C04F79EFBC}") = "SignalR.Hosting.Self45", "SignalR.Hosting.Self45\SignalR.Hosting.Self45.csproj", "{1617158B-2CFD-4354-A33F-9937E508D69A}"
EndProject
Project("{FAE04EC0-301F-11D3-BF4B-00C04F79EFBC}") = "SignalR.Hosting.Self.Samples", "samples\SignalR.Hosting.Self45.Samples\SignalR.Hosting.Self.Samples.csproj", "{8FD9E25A-2268-4F6E-85F3-B83DC018ECE9}"
EndProject
Project("{FAE04EC0-301F-11D3-BF4B-00C04F79EFBC}") = "SignalR.Client.JS", "SignalR.Client.JS\SignalR.Client.JS.csproj", "{69771AF9-1BEE-48E6-98BC-78864231E239}"
EndProject
Global
	GlobalSection(SolutionConfigurationPlatforms) = preSolution
		Debug|Any CPU = Debug|Any CPU
		Debug|Mixed Platforms = Debug|Mixed Platforms
		Debug|x86 = Debug|x86
		Release|Any CPU = Release|Any CPU
		Release|Mixed Platforms = Release|Mixed Platforms
		Release|x86 = Release|x86
	EndGlobalSection
	GlobalSection(ProjectConfigurationPlatforms) = postSolution
		{1617158B-2CFD-4354-A33F-9937E508D69A}.Debug|Any CPU.ActiveCfg = Debug|Any CPU
		{1617158B-2CFD-4354-A33F-9937E508D69A}.Debug|Any CPU.Build.0 = Debug|Any CPU
		{1617158B-2CFD-4354-A33F-9937E508D69A}.Debug|Mixed Platforms.ActiveCfg = Debug|Any CPU
		{1617158B-2CFD-4354-A33F-9937E508D69A}.Debug|Mixed Platforms.Build.0 = Debug|Any CPU
		{1617158B-2CFD-4354-A33F-9937E508D69A}.Debug|x86.ActiveCfg = Debug|Any CPU
		{1617158B-2CFD-4354-A33F-9937E508D69A}.Release|Any CPU.ActiveCfg = Release|Any CPU
		{1617158B-2CFD-4354-A33F-9937E508D69A}.Release|Any CPU.Build.0 = Release|Any CPU
		{1617158B-2CFD-4354-A33F-9937E508D69A}.Release|Mixed Platforms.ActiveCfg = Release|Any CPU
		{1617158B-2CFD-4354-A33F-9937E508D69A}.Release|Mixed Platforms.Build.0 = Release|Any CPU
		{1617158B-2CFD-4354-A33F-9937E508D69A}.Release|x86.ActiveCfg = Release|Any CPU
		{1B9A82C4-BCA1-4834-A33E-226F17BE070B}.Debug|Any CPU.ActiveCfg = Debug|Any CPU
		{1B9A82C4-BCA1-4834-A33E-226F17BE070B}.Debug|Any CPU.Build.0 = Debug|Any CPU
		{1B9A82C4-BCA1-4834-A33E-226F17BE070B}.Debug|Mixed Platforms.ActiveCfg = Debug|Any CPU
		{1B9A82C4-BCA1-4834-A33E-226F17BE070B}.Debug|Mixed Platforms.Build.0 = Debug|Any CPU
		{1B9A82C4-BCA1-4834-A33E-226F17BE070B}.Debug|x86.ActiveCfg = Debug|Any CPU
		{1B9A82C4-BCA1-4834-A33E-226F17BE070B}.Release|Any CPU.ActiveCfg = Release|Any CPU
		{1B9A82C4-BCA1-4834-A33E-226F17BE070B}.Release|Any CPU.Build.0 = Release|Any CPU
		{1B9A82C4-BCA1-4834-A33E-226F17BE070B}.Release|Mixed Platforms.ActiveCfg = Release|Any CPU
		{1B9A82C4-BCA1-4834-A33E-226F17BE070B}.Release|Mixed Platforms.Build.0 = Release|Any CPU
		{1B9A82C4-BCA1-4834-A33E-226F17BE070B}.Release|x86.ActiveCfg = Release|Any CPU
		{1EA34A62-E03E-45CF-A9C9-82D2DA0FCD82}.Debug|Any CPU.ActiveCfg = Debug|Any CPU
		{1EA34A62-E03E-45CF-A9C9-82D2DA0FCD82}.Debug|Any CPU.Build.0 = Debug|Any CPU
		{1EA34A62-E03E-45CF-A9C9-82D2DA0FCD82}.Debug|Mixed Platforms.ActiveCfg = Debug|Any CPU
		{1EA34A62-E03E-45CF-A9C9-82D2DA0FCD82}.Debug|Mixed Platforms.Build.0 = Debug|Any CPU
		{1EA34A62-E03E-45CF-A9C9-82D2DA0FCD82}.Debug|x86.ActiveCfg = Debug|Any CPU
		{1EA34A62-E03E-45CF-A9C9-82D2DA0FCD82}.Release|Any CPU.ActiveCfg = Release|Any CPU
		{1EA34A62-E03E-45CF-A9C9-82D2DA0FCD82}.Release|Any CPU.Build.0 = Release|Any CPU
		{1EA34A62-E03E-45CF-A9C9-82D2DA0FCD82}.Release|Mixed Platforms.ActiveCfg = Release|Any CPU
		{1EA34A62-E03E-45CF-A9C9-82D2DA0FCD82}.Release|Mixed Platforms.Build.0 = Release|Any CPU
		{1EA34A62-E03E-45CF-A9C9-82D2DA0FCD82}.Release|x86.ActiveCfg = Release|Any CPU
		{3B71F0AE-D4B6-4F47-BF62-333D45615673}.Debug|Any CPU.ActiveCfg = Debug|Any CPU
		{3B71F0AE-D4B6-4F47-BF62-333D45615673}.Debug|Any CPU.Build.0 = Debug|Any CPU
		{3B71F0AE-D4B6-4F47-BF62-333D45615673}.Debug|Mixed Platforms.ActiveCfg = Debug|Any CPU
		{3B71F0AE-D4B6-4F47-BF62-333D45615673}.Debug|Mixed Platforms.Build.0 = Debug|Any CPU
		{3B71F0AE-D4B6-4F47-BF62-333D45615673}.Debug|x86.ActiveCfg = Debug|Any CPU
		{3B71F0AE-D4B6-4F47-BF62-333D45615673}.Release|Any CPU.ActiveCfg = Release|Any CPU
		{3B71F0AE-D4B6-4F47-BF62-333D45615673}.Release|Any CPU.Build.0 = Release|Any CPU
		{3B71F0AE-D4B6-4F47-BF62-333D45615673}.Release|Mixed Platforms.ActiveCfg = Release|Any CPU
		{3B71F0AE-D4B6-4F47-BF62-333D45615673}.Release|Mixed Platforms.Build.0 = Release|Any CPU
		{3B71F0AE-D4B6-4F47-BF62-333D45615673}.Release|x86.ActiveCfg = Release|Any CPU
		{69771AF9-1BEE-48E6-98BC-78864231E239}.Debug|Any CPU.ActiveCfg = Debug|Any CPU
		{69771AF9-1BEE-48E6-98BC-78864231E239}.Debug|Any CPU.Build.0 = Debug|Any CPU
		{69771AF9-1BEE-48E6-98BC-78864231E239}.Debug|Mixed Platforms.ActiveCfg = Debug|Any CPU
		{69771AF9-1BEE-48E6-98BC-78864231E239}.Debug|Mixed Platforms.Build.0 = Debug|Any CPU
		{69771AF9-1BEE-48E6-98BC-78864231E239}.Debug|x86.ActiveCfg = Debug|Any CPU
		{69771AF9-1BEE-48E6-98BC-78864231E239}.Release|Any CPU.ActiveCfg = Release|Any CPU
		{69771AF9-1BEE-48E6-98BC-78864231E239}.Release|Any CPU.Build.0 = Release|Any CPU
		{69771AF9-1BEE-48E6-98BC-78864231E239}.Release|Mixed Platforms.ActiveCfg = Release|Any CPU
		{69771AF9-1BEE-48E6-98BC-78864231E239}.Release|Mixed Platforms.Build.0 = Release|Any CPU
		{69771AF9-1BEE-48E6-98BC-78864231E239}.Release|x86.ActiveCfg = Release|Any CPU
		{6F53F576-0E35-4E89-8D4D-B6B40084A16C}.Debug|Any CPU.ActiveCfg = Debug|Any CPU
		{6F53F576-0E35-4E89-8D4D-B6B40084A16C}.Debug|Any CPU.Build.0 = Debug|Any CPU
		{6F53F576-0E35-4E89-8D4D-B6B40084A16C}.Debug|Mixed Platforms.ActiveCfg = Debug|Any CPU
		{6F53F576-0E35-4E89-8D4D-B6B40084A16C}.Debug|Mixed Platforms.Build.0 = Debug|Any CPU
		{6F53F576-0E35-4E89-8D4D-B6B40084A16C}.Debug|x86.ActiveCfg = Debug|Any CPU
		{6F53F576-0E35-4E89-8D4D-B6B40084A16C}.Release|Any CPU.ActiveCfg = Release|Any CPU
		{6F53F576-0E35-4E89-8D4D-B6B40084A16C}.Release|Any CPU.Build.0 = Release|Any CPU
		{6F53F576-0E35-4E89-8D4D-B6B40084A16C}.Release|Mixed Platforms.ActiveCfg = Release|Any CPU
		{6F53F576-0E35-4E89-8D4D-B6B40084A16C}.Release|Mixed Platforms.Build.0 = Release|Any CPU
		{6F53F576-0E35-4E89-8D4D-B6B40084A16C}.Release|x86.ActiveCfg = Release|Any CPU
		{8FD9E25A-2268-4F6E-85F3-B83DC018ECE9}.Debug|Any CPU.ActiveCfg = Debug|x86
		{8FD9E25A-2268-4F6E-85F3-B83DC018ECE9}.Debug|Mixed Platforms.ActiveCfg = Debug|x86
		{8FD9E25A-2268-4F6E-85F3-B83DC018ECE9}.Debug|Mixed Platforms.Build.0 = Debug|x86
		{8FD9E25A-2268-4F6E-85F3-B83DC018ECE9}.Debug|x86.ActiveCfg = Debug|x86
		{8FD9E25A-2268-4F6E-85F3-B83DC018ECE9}.Debug|x86.Build.0 = Debug|x86
		{8FD9E25A-2268-4F6E-85F3-B83DC018ECE9}.Release|Any CPU.ActiveCfg = Release|x86
		{8FD9E25A-2268-4F6E-85F3-B83DC018ECE9}.Release|Mixed Platforms.ActiveCfg = Release|x86
		{8FD9E25A-2268-4F6E-85F3-B83DC018ECE9}.Release|Mixed Platforms.Build.0 = Release|x86
		{8FD9E25A-2268-4F6E-85F3-B83DC018ECE9}.Release|x86.ActiveCfg = Release|x86
		{8FD9E25A-2268-4F6E-85F3-B83DC018ECE9}.Release|x86.Build.0 = Release|x86
	EndGlobalSection
	GlobalSection(SolutionProperties) = preSolution
		HideSolutionNode = FALSE
	EndGlobalSection
	GlobalSection(NestedProjects) = preSolution
		{1EA34A62-E03E-45CF-A9C9-82D2DA0FCD82} = {A7D75EA8-1439-4D57-9B88-EC60842B5FB3}
		{8FD9E25A-2268-4F6E-85F3-B83DC018ECE9} = {A7D75EA8-1439-4D57-9B88-EC60842B5FB3}
	EndGlobalSection
EndGlobal
