
Microsoft Visual Studio Solution File, Format Version 12.00
# Visual Studio 11 Express for Windows 8
Project("{FAE04EC0-301F-11D3-BF4B-00C04F79EFBC}") = "SignalR.Client.WinRT", "SignalR.Client.WinRT\SignalR.Client.WinRT.csproj", "{0D2276D4-E912-46A4-8A06-59C4B8A537FC}"
EndProject
Global
	GlobalSection(SolutionConfigurationPlatforms) = preSolution
		Debug|ARM = Debug|ARM
		Debug|Any CPU = Debug|Any CPU
		Debug|x64 = Debug|x64
		Debug|x86 = Debug|x86
		Release|ARM = Release|ARM
		Release|Any CPU = Release|Any CPU
		Release|x64 = Release|x64
		Release|x86 = Release|x86
	EndGlobalSection
	GlobalSection(ProjectConfigurationPlatforms) = postSolution
		{0D2276D4-E912-46A4-8A06-59C4B8A537FC}.Debug|ARM.ActiveCfg = Debug|ARM
		{0D2276D4-E912-46A4-8A06-59C4B8A537FC}.Debug|ARM.Build.0 = Debug|ARM
		{0D2276D4-E912-46A4-8A06-59C4B8A537FC}.Debug|Any CPU.ActiveCfg = Debug|Any CPU
		{0D2276D4-E912-46A4-8A06-59C4B8A537FC}.Debug|Any CPU.Build.0 = Debug|Any CPU
		{0D2276D4-E912-46A4-8A06-59C4B8A537FC}.Debug|x64.ActiveCfg = Debug|x64
		{0D2276D4-E912-46A4-8A06-59C4B8A537FC}.Debug|x64.Build.0 = Debug|x64
		{0D2276D4-E912-46A4-8A06-59C4B8A537FC}.Debug|x86.ActiveCfg = Debug|x86
		{0D2276D4-E912-46A4-8A06-59C4B8A537FC}.Debug|x86.Build.0 = Debug|x86
		{0D2276D4-E912-46A4-8A06-59C4B8A537FC}.Release|ARM.ActiveCfg = Release|ARM
		{0D2276D4-E912-46A4-8A06-59C4B8A537FC}.Release|ARM.Build.0 = Release|ARM
		{0D2276D4-E912-46A4-8A06-59C4B8A537FC}.Release|Any CPU.ActiveCfg = Release|Any CPU
		{0D2276D4-E912-46A4-8A06-59C4B8A537FC}.Release|Any CPU.Build.0 = Release|Any CPU
		{0D2276D4-E912-46A4-8A06-59C4B8A537FC}.Release|x64.ActiveCfg = Release|x64
		{0D2276D4-E912-46A4-8A06-59C4B8A537FC}.Release|x64.Build.0 = Release|x64
		{0D2276D4-E912-46A4-8A06-59C4B8A537FC}.Release|x86.ActiveCfg = Release|x86
		{0D2276D4-E912-46A4-8A06-59C4B8A537FC}.Release|x86.Build.0 = Release|x86
	EndGlobalSection
	GlobalSection(SolutionProperties) = preSolution
		HideSolutionNode = FALSE
	EndGlobalSection
EndGlobal
