
Microsoft Visual Studio Solution File, Format Version 11.00
# Visual Studio 2010
Project("{FAE04EC0-301F-11D3-BF4B-00C04F79EFBC}") = "Microsoft.AspNet.SignalR.Client.Android.Samples", "Microsoft.AspNet.SignalR.Client.Android.Samples.csproj", "{AA8BF4BF-7805-40C0-977F-0D5D7AA4D948}"
EndProject
Global
	GlobalSection(SolutionConfigurationPlatforms) = preSolution
		Debug|Any CPU = Debug|Any CPU
		Release|Any CPU = Release|Any CPU
	EndGlobalSection
	GlobalSection(ProjectConfigurationPlatforms) = postSolution
		{AA8BF4BF-7805-40C0-977F-0D5D7AA4D948}.Debug|Any CPU.ActiveCfg = Debug|Any CPU
		{AA8BF4BF-7805-40C0-977F-0D5D7AA4D948}.Debug|Any CPU.Build.0 = Debug|Any CPU
		{AA8BF4BF-7805-40C0-977F-0D5D7AA4D948}.Release|Any CPU.ActiveCfg = Release|Any CPU
		{AA8BF4BF-7805-40C0-977F-0D5D7AA4D948}.Release|Any CPU.Build.0 = Release|Any CPU
	EndGlobalSection
	GlobalSection(MonoDevelopProperties) = preSolution
		StartupItem = Microsoft.AspNet.SignalR.Client.Android.Samples.csproj
	EndGlobalSection
EndGlobal
