
Microsoft Visual Studio Solution File, Format Version 12.00
# Visual Studio 2013
VisualStudioVersion = 12.0.30423.0
MinimumVisualStudioVersion = 10.0.40219.1
Project("{FAE04EC0-301F-11D3-BF4B-00C04F79EFBC}") = "BenchmarkServer", "BenchmarkServer\BenchmarkServer.csproj", "{10FD5333-40F8-4952-8A24-9635E8B0854E}"
EndProject
Project("{FAE04EC0-301F-11D3-BF4B-00C04F79EFBC}") = "BenchmarkClient", "BenchmarkClient\BenchmarkClient.csproj", "{3B169F71-BBE7-48DB-8E98-A1CFC47A46AD}"
EndProject
Project("{FAE04EC0-301F-11D3-BF4B-00C04F79EFBC}") = "Crank", "Crank\Crank.csproj", "{F6A62042-59B5-4F24-89C3-F9BF7A497DA8}"
EndProject
Project("{FAE04EC0-301F-11D3-BF4B-00C04F79EFBC}") = "TestManager", "TestManager\TestManager.csproj", "{7C0FC9A5-1A2E-46ED-B226-AD00890C5090}"
EndProject
Project("{FAE04EC0-301F-11D3-BF4B-00C04F79EFBC}") = "Reporting", "Reporting\Reporting.csproj", "{693D98B8-A1AC-465E-8072-23D0BAE5F0DB}"
EndProject
Global
	GlobalSection(SolutionConfigurationPlatforms) = preSolution
		Debug|Any CPU = Debug|Any CPU
		Release|Any CPU = Release|Any CPU
	EndGlobalSection
	GlobalSection(ProjectConfigurationPlatforms) = postSolution
		{10FD5333-40F8-4952-8A24-9635E8B0854E}.Debug|Any CPU.ActiveCfg = Debug|Any CPU
		{10FD5333-40F8-4952-8A24-9635E8B0854E}.Debug|Any CPU.Build.0 = Debug|Any CPU
		{10FD5333-40F8-4952-8A24-9635E8B0854E}.Release|Any CPU.ActiveCfg = Release|Any CPU
		{10FD5333-40F8-4952-8A24-9635E8B0854E}.Release|Any CPU.Build.0 = Release|Any CPU
		{3B169F71-BBE7-48DB-8E98-A1CFC47A46AD}.Debug|Any CPU.ActiveCfg = Debug|Any CPU
		{3B169F71-BBE7-48DB-8E98-A1CFC47A46AD}.Debug|Any CPU.Build.0 = Debug|Any CPU
		{3B169F71-BBE7-48DB-8E98-A1CFC47A46AD}.Release|Any CPU.ActiveCfg = Release|Any CPU
		{3B169F71-BBE7-48DB-8E98-A1CFC47A46AD}.Release|Any CPU.Build.0 = Release|Any CPU
		{F6A62042-59B5-4F24-89C3-F9BF7A497DA8}.Debug|Any CPU.ActiveCfg = Debug|Any CPU
		{F6A62042-59B5-4F24-89C3-F9BF7A497DA8}.Debug|Any CPU.Build.0 = Debug|Any CPU
		{F6A62042-59B5-4F24-89C3-F9BF7A497DA8}.Release|Any CPU.ActiveCfg = Release|Any CPU
		{F6A62042-59B5-4F24-89C3-F9BF7A497DA8}.Release|Any CPU.Build.0 = Release|Any CPU
		{7C0FC9A5-1A2E-46ED-B226-AD00890C5090}.Debug|Any CPU.ActiveCfg = Debug|Any CPU
		{7C0FC9A5-1A2E-46ED-B226-AD00890C5090}.Debug|Any CPU.Build.0 = Debug|Any CPU
		{7C0FC9A5-1A2E-46ED-B226-AD00890C5090}.Release|Any CPU.ActiveCfg = Release|Any CPU
		{7C0FC9A5-1A2E-46ED-B226-AD00890C5090}.Release|Any CPU.Build.0 = Release|Any CPU
		{693D98B8-A1AC-465E-8072-23D0BAE5F0DB}.Debug|Any CPU.ActiveCfg = Debug|Any CPU
		{693D98B8-A1AC-465E-8072-23D0BAE5F0DB}.Debug|Any CPU.Build.0 = Debug|Any CPU
		{693D98B8-A1AC-465E-8072-23D0BAE5F0DB}.Release|Any CPU.ActiveCfg = Release|Any CPU
		{693D98B8-A1AC-465E-8072-23D0BAE5F0DB}.Release|Any CPU.Build.0 = Release|Any CPU
	EndGlobalSection
	GlobalSection(SolutionProperties) = preSolution
		HideSolutionNode = FALSE
	EndGlobalSection
EndGlobal
