
Microsoft Visual Studio Solution File, Format Version 12.00
# Visual Studio 2013
VisualStudioVersion = 12.0.30110.0
MinimumVisualStudioVersion = 10.0.40219.1
Project("{FAE04EC0-301F-11D3-BF4B-00C04F79EFBC}") = "Microsoft.AspNet.SignalR.Client.iOS.Samples", "Microsoft.AspNet.SignalR.Client.iOS.Samples\Microsoft.AspNet.SignalR.Client.iOS.Samples.csproj", "{DBFB861C-DF65-4784-B2B7-85DBFF01E787}"
EndProject
Global
	GlobalSection(SolutionConfigurationPlatforms) = preSolution
		Ad-Hoc|iPhone = Ad-Hoc|iPhone
		Ad-Hoc|iPhoneSimulator = Ad-Hoc|iPhoneSimulator
		AppStore|iPhone = AppStore|iPhone
		AppStore|iPhoneSimulator = AppStore|iPhoneSimulator
		Debug|iPhone = Debug|iPhone
		Debug|iPhoneSimulator = Debug|iPhoneSimulator
		Release|iPhone = Release|iPhone
		Release|iPhoneSimulator = Release|iPhoneSimulator
	EndGlobalSection
	GlobalSection(ProjectConfigurationPlatforms) = postSolution
		{DBFB861C-DF65-4784-B2B7-85DBFF01E787}.Ad-Hoc|iPhone.ActiveCfg = Ad-Hoc|iPhone
		{DBFB861C-DF65-4784-B2B7-85DBFF01E787}.Ad-Hoc|iPhone.Build.0 = Ad-Hoc|iPhone
		{DBFB861C-DF65-4784-B2B7-85DBFF01E787}.Ad-Hoc|iPhone.Deploy.0 = Ad-Hoc|iPhone
		{DBFB861C-DF65-4784-B2B7-85DBFF01E787}.Ad-Hoc|iPhoneSimulator.ActiveCfg = Ad-Hoc|iPhoneSimulator
		{DBFB861C-DF65-4784-B2B7-85DBFF01E787}.Ad-Hoc|iPhoneSimulator.Build.0 = Ad-Hoc|iPhoneSimulator
		{DBFB861C-DF65-4784-B2B7-85DBFF01E787}.AppStore|iPhone.ActiveCfg = AppStore|iPhone
		{DBFB861C-DF65-4784-B2B7-85DBFF01E787}.AppStore|iPhone.Build.0 = AppStore|iPhone
		{DBFB861C-DF65-4784-B2B7-85DBFF01E787}.AppStore|iPhone.Deploy.0 = AppStore|iPhone
		{DBFB861C-DF65-4784-B2B7-85DBFF01E787}.AppStore|iPhoneSimulator.ActiveCfg = AppStore|iPhoneSimulator
		{DBFB861C-DF65-4784-B2B7-85DBFF01E787}.AppStore|iPhoneSimulator.Build.0 = AppStore|iPhoneSimulator
		{DBFB861C-DF65-4784-B2B7-85DBFF01E787}.AppStore|iPhoneSimulator.Deploy.0 = AppStore|iPhoneSimulator
		{DBFB861C-DF65-4784-B2B7-85DBFF01E787}.Debug|iPhone.ActiveCfg = Debug|iPhone
		{DBFB861C-DF65-4784-B2B7-85DBFF01E787}.Debug|iPhone.Build.0 = Debug|iPhone
		{DBFB861C-DF65-4784-B2B7-85DBFF01E787}.Debug|iPhoneSimulator.ActiveCfg = Debug|iPhoneSimulator
		{DBFB861C-DF65-4784-B2B7-85DBFF01E787}.Debug|iPhoneSimulator.Build.0 = Debug|iPhoneSimulator
		{DBFB861C-DF65-4784-B2B7-85DBFF01E787}.Debug|iPhoneSimulator.Deploy.0 = Debug|iPhoneSimulator
		{DBFB861C-DF65-4784-B2B7-85DBFF01E787}.Release|iPhone.ActiveCfg = Release|iPhone
		{DBFB861C-DF65-4784-B2B7-85DBFF01E787}.Release|iPhone.Build.0 = Release|iPhone
		{DBFB861C-DF65-4784-B2B7-85DBFF01E787}.Release|iPhone.Deploy.0 = Release|iPhone
		{DBFB861C-DF65-4784-B2B7-85DBFF01E787}.Release|iPhoneSimulator.ActiveCfg = Release|iPhoneSimulator
		{DBFB861C-DF65-4784-B2B7-85DBFF01E787}.Release|iPhoneSimulator.Build.0 = Release|iPhoneSimulator
		{DBFB861C-DF65-4784-B2B7-85DBFF01E787}.Release|iPhoneSimulator.Deploy.0 = Release|iPhoneSimulator
	EndGlobalSection
	GlobalSection(SolutionProperties) = preSolution
		HideSolutionNode = FALSE
	EndGlobalSection
	GlobalSection(MonoDevelopProperties) = preSolution
		StartupItem = Microsoft.AspNet.SignalR.Client.iOS.Samples\Microsoft.AspNet.SignalR.Client.iOS.Samples.csproj
	EndGlobalSection
EndGlobal
